// !$*UTF8*$!
{
	archiveVersion = 1;
	classes = {
	};
	objectVersion = 77;
	objects = {

/* Begin PBXBuildFile section */
		DC8B7B3B2DFEE2B1008FB1B4 /* netfox in Frameworks */ = {isa = PBXBuildFile; productRef = DC8B7B3A2DFEE2B1008FB1B4 /* netfox */; };
		DCACA2212DFFEE6F00A9D166 /* CollectionViewTableViewCell.xib in Resources */ = {isa = PBXBuildFile; fileRef = DCACA2202DFFEE6F00A9D166 /* CollectionViewTableViewCell.xib */; };
		DCACA2222DFFEE6F00A9D166 /* CollectionViewTableViewCell.swift in Sources */ = {isa = PBXBuildFile; fileRef = DCACA21F2DFFEE6F00A9D166 /* CollectionViewTableViewCell.swift */; };
		DCACA22A2DFFFACB00A9D166 /* TitleCollectionViewCell.xib in Resources */ = {isa = PBXBuildFile; fileRef = DCACA2292DFFFACB00A9D166 /* TitleCollectionViewCell.xib */; };
		DCACA22B2DFFFACB00A9D166 /* TitleCollectionViewCell.swift in Sources */ = {isa = PBXBuildFile; fileRef = DCACA2282DFFFACB00A9D166 /* TitleCollectionViewCell.swift */; };
		DCACA22D2DFFFE1500A9D166 /* SDWebImage in Frameworks */ = {isa = PBXBuildFile; productRef = DCACA22C2DFFFE1500A9D166 /* SDWebImage */; };
		FA63AFF62E2D682600F693CC /* RandomMoviePreviewViewModel.swift in Sources */ = {isa = PBXBuildFile; fileRef = FA63AFF52E2D682000F693CC /* RandomMoviePreviewViewModel.swift */; };
		FA65165A2DFD7148006BDE9F /* Title.swift in Sources */ = {isa = PBXBuildFile; fileRef = FA6516592DFD7140006BDE9F /* Title.swift */; };
		FAB56A7C2E2CCE060010B780 /* GetUpcommingMoviesRequest.swift in Sources */ = {isa = PBXBuildFile; fileRef = FAB56A7B2E2CCDFE0010B780 /* GetUpcommingMoviesRequest.swift */; };
		FAB56A7E2E2CCF470010B780 /* GetPopularMoviesRequest.swift in Sources */ = {isa = PBXBuildFile; fileRef = FAB56A7D2E2CCF3E0010B780 /* GetPopularMoviesRequest.swift */; };
		FAB56A802E2CD0210010B780 /* GetTopRatedMoviesRequest.swift in Sources */ = {isa = PBXBuildFile; fileRef = FAB56A7F2E2CD00E0010B780 /* GetTopRatedMoviesRequest.swift */; };
		FAB56A822E2CD1FE0010B780 /* GetPopularMoviesUseCase.swift in Sources */ = {isa = PBXBuildFile; fileRef = FAB56A812E2CD1EF0010B780 /* GetPopularMoviesUseCase.swift */; };
		FAB56A842E2CD21A0010B780 /* GetUpcommingMoviesUseCase.swift in Sources */ = {isa = PBXBuildFile; fileRef = FAB56A832E2CD2040010B780 /* GetUpcommingMoviesUseCase.swift */; };
		FAB56A862E2CD22C0010B780 /* GetTopRatedMoviesUseCase.swift in Sources */ = {isa = PBXBuildFile; fileRef = FAB56A852E2CD2210010B780 /* GetTopRatedMoviesUseCase.swift */; };
		FAB5A0472E2A5EE100E766EF /* BaseCoordinator.swift in Sources */ = {isa = PBXBuildFile; fileRef = FAB5A0462E2A5EDC00E766EF /* BaseCoordinator.swift */; };
		FAB5A0492E2A5F1200E766EF /* HomeViewCoordinator.swift in Sources */ = {isa = PBXBuildFile; fileRef = FAB5A0482E2A5F0A00E766EF /* HomeViewCoordinator.swift */; };
		FAB5A04B2E2A64E700E766EF /* BaseViewController.swift in Sources */ = {isa = PBXBuildFile; fileRef = FAB5A04A2E2A64E000E766EF /* BaseViewController.swift */; };
		FAB5A04D2E2A653200E766EF /* BaseViewModel.swift in Sources */ = {isa = PBXBuildFile; fileRef = FAB5A04C2E2A652C00E766EF /* BaseViewModel.swift */; };
		FAB5A0592E2A89B600E766EF /* CommingSoonViewCoordinator.swift in Sources */ = {isa = PBXBuildFile; fileRef = FAB5A0582E2A89AF00E766EF /* CommingSoonViewCoordinator.swift */; };
		FAB5A05C2E2A8C4D00E766EF /* SearchViewCoordinator.swift in Sources */ = {isa = PBXBuildFile; fileRef = FAB5A05B2E2A8C4800E766EF /* SearchViewCoordinator.swift */; };
		FAB5A05F2E2A8E4700E766EF /* FavouritsViewCoordinator.swift in Sources */ = {isa = PBXBuildFile; fileRef = FAB5A05E2E2A8E4600E766EF /* FavouritsViewCoordinator.swift */; };
		FABA99BC2E2FAF6A002F03E9 /* DetailsViewModel.swift in Sources */ = {isa = PBXBuildFile; fileRef = FABA99BB2E2FAF5D002F03E9 /* DetailsViewModel.swift */; };
		FABA99BE2E2FAF8D002F03E9 /* DetailsViewCoordinator.swift in Sources */ = {isa = PBXBuildFile; fileRef = FABA99BD2E2FAF80002F03E9 /* DetailsViewCoordinator.swift */; };
		FABA99C22E2FB12A002F03E9 /* DetailsViewController.swift in Sources */ = {isa = PBXBuildFile; fileRef = FABA99C02E2FB12A002F03E9 /* DetailsViewController.swift */; };
		FABA99C32E2FB12A002F03E9 /* DetailsViewController.xib in Resources */ = {isa = PBXBuildFile; fileRef = FABA99C12E2FB12A002F03E9 /* DetailsViewController.xib */; };
		FABDB50F2E2B86BF004F5C53 /* RowViewModel.swift in Sources */ = {isa = PBXBuildFile; fileRef = FABDB50E2E2B86B1004F5C53 /* RowViewModel.swift */; };
		FABDB5112E2B8707004F5C53 /* ViewCell.swift in Sources */ = {isa = PBXBuildFile; fileRef = FABDB5102E2B86E4004F5C53 /* ViewCell.swift */; };
		FABDB5132E2B878A004F5C53 /* SectionViewModel.swift in Sources */ = {isa = PBXBuildFile; fileRef = FABDB5122E2B8784004F5C53 /* SectionViewModel.swift */; };
		FABDB51A2E2B892B004F5C53 /* CollectionViewTableViewModel.swift in Sources */ = {isa = PBXBuildFile; fileRef = FABDB5192E2B8925004F5C53 /* CollectionViewTableViewModel.swift */; };
		FABDB51C2E2B8A8C004F5C53 /* TitleCollectionViewCellViewModel.swift in Sources */ = {isa = PBXBuildFile; fileRef = FABDB51B2E2B8A89004F5C53 /* TitleCollectionViewCellViewModel.swift */; };
		FABDB51E2E2C1125004F5C53 /* GetTrendingTVRequest.swift in Sources */ = {isa = PBXBuildFile; fileRef = FABDB51D2E2C111B004F5C53 /* GetTrendingTVRequest.swift */; };
		FABDB5202E2C13C9004F5C53 /* GetTrendingMoviesUseCase.swift in Sources */ = {isa = PBXBuildFile; fileRef = FABDB51F2E2C13C2004F5C53 /* GetTrendingMoviesUseCase.swift */; };
		FABDB5222E2C160F004F5C53 /* UseCase.swift in Sources */ = {isa = PBXBuildFile; fileRef = FABDB5212E2C1601004F5C53 /* UseCase.swift */; };
		FAD6EDAE2E28E5F500D65744 /* BaseApiRequest.swift in Sources */ = {isa = PBXBuildFile; fileRef = FAD6EDAD2E28E5CF00D65744 /* BaseApiRequest.swift */; };
		FAD6EDB52E28EBB100D65744 /* GetTrendingMoviesRequest.swift in Sources */ = {isa = PBXBuildFile; fileRef = FAD6EDB42E28EBA200D65744 /* GetTrendingMoviesRequest.swift */; };
		FAE518AC2E29337B005F7253 /* MovieRepository.swift in Sources */ = {isa = PBXBuildFile; fileRef = FAE518AB2E293369005F7253 /* MovieRepository.swift */; };
		FAE518AE2E2933D0005F7253 /* GetTrendingTVUseCase.swift in Sources */ = {isa = PBXBuildFile; fileRef = FAE518AD2E2933C0005F7253 /* GetTrendingTVUseCase.swift */; };
		FAE518B02E29358D005F7253 /* MovieRepositoryImpl.swift in Sources */ = {isa = PBXBuildFile; fileRef = FAE518AF2E293581005F7253 /* MovieRepositoryImpl.swift */; };
		FAE518B22E293BC9005F7253 /* MovieRemoteDataSource.swift in Sources */ = {isa = PBXBuildFile; fileRef = FAE518B12E293BBD005F7253 /* MovieRemoteDataSource.swift */; };
		FAE518B72E294081005F7253 /* HomeViewModel.swift in Sources */ = {isa = PBXBuildFile; fileRef = FAE518B62E29407C005F7253 /* HomeViewModel.swift */; };
		FAE518BB2E29451D005F7253 /* Observable.swift in Sources */ = {isa = PBXBuildFile; fileRef = FAE518BA2E294518005F7253 /* Observable.swift */; };
		FAEE31CF2DF988F000E9381E /* CommingSoonViewController.swift in Sources */ = {isa = PBXBuildFile; fileRef = FAEE31B02DF988F000E9381E /* CommingSoonViewController.swift */; };
		FAEE31D02DF988F000E9381E /* FavouritsViewController.swift in Sources */ = {isa = PBXBuildFile; fileRef = FAEE31B32DF988F000E9381E /* FavouritsViewController.swift */; };
		FAEE31D12DF988F000E9381E /* RandomMoviePreviewViewCell.swift in Sources */ = {isa = PBXBuildFile; fileRef = FAEE31B62DF988F000E9381E /* RandomMoviePreviewViewCell.swift */; };
		FAEE31D22DF988F000E9381E /* HomeViewController.swift in Sources */ = {isa = PBXBuildFile; fileRef = FAEE31BA2DF988F000E9381E /* HomeViewController.swift */; };
		FAEE31D32DF988F000E9381E /* SearchViewController.swift in Sources */ = {isa = PBXBuildFile; fileRef = FAEE31BD2DF988F000E9381E /* SearchViewController.swift */; };
		FAEE31D42DF988F000E9381E /* TabBarController.swift in Sources */ = {isa = PBXBuildFile; fileRef = FAEE31C12DF988F000E9381E /* TabBarController.swift */; };
		FAEE31D52DF988F000E9381E /* AppDelegate.swift in Sources */ = {isa = PBXBuildFile; fileRef = FAEE31C32DF988F000E9381E /* AppDelegate.swift */; };
		FAEE31D62DF988F000E9381E /* SceneDelegate.swift in Sources */ = {isa = PBXBuildFile; fileRef = FAEE31CA2DF988F000E9381E /* SceneDelegate.swift */; };
		FAEE31D72DF988F000E9381E /* StreamFlix.xcdatamodeld in Sources */ = {isa = PBXBuildFile; fileRef = FAEE31CB2DF988F000E9381E /* StreamFlix.xcdatamodeld */; };
		FAEE31D82DF988F000E9381E /* ViewController.swift in Sources */ = {isa = PBXBuildFile; fileRef = FAEE31CC2DF988F000E9381E /* ViewController.swift */; };
		FAEE31D92DF988F000E9381E /* CommingSoonViewController.xib in Resources */ = {isa = PBXBuildFile; fileRef = FAEE31B12DF988F000E9381E /* CommingSoonViewController.xib */; };
		FAEE31DA2DF988F000E9381E /* FavouritsViewController.xib in Resources */ = {isa = PBXBuildFile; fileRef = FAEE31B42DF988F000E9381E /* FavouritsViewController.xib */; };
		FAEE31DB2DF988F000E9381E /* RandomMoviePreviewViewCell.xib in Resources */ = {isa = PBXBuildFile; fileRef = FAEE31B72DF988F000E9381E /* RandomMoviePreviewViewCell.xib */; };
		FAEE31DC2DF988F000E9381E /* HomeViewController.xib in Resources */ = {isa = PBXBuildFile; fileRef = FAEE31BB2DF988F000E9381E /* HomeViewController.xib */; };
		FAEE31DD2DF988F000E9381E /* SearchViewController.xib in Resources */ = {isa = PBXBuildFile; fileRef = FAEE31BE2DF988F000E9381E /* SearchViewController.xib */; };
		FAEE31DE2DF988F000E9381E /* Assets.xcassets in Resources */ = {isa = PBXBuildFile; fileRef = FAEE31C42DF988F000E9381E /* Assets.xcassets */; };
		FAEE31E02DF988F000E9381E /* LaunchScreen.storyboard in Resources */ = {isa = PBXBuildFile; fileRef = FAEE31C72DF988F000E9381E /* LaunchScreen.storyboard */; };
		FAEE31E12DF988F000E9381E /* Main.storyboard in Resources */ = {isa = PBXBuildFile; fileRef = FAEE31C92DF988F000E9381E /* Main.storyboard */; };
		FAEE31E42DF9890B00E9381E /* APICaller.swift in Sources */ = {isa = PBXBuildFile; fileRef = FAEE31E32DF9890600E9381E /* APICaller.swift */; };
/* End PBXBuildFile section */

/* Begin PBXContainerItemProxy section */
		FAA958752DBEB31E007F9E12 /* PBXContainerItemProxy */ = {
			isa = PBXContainerItemProxy;
			containerPortal = FAA958532DBEB31D007F9E12 /* Project object */;
			proxyType = 1;
			remoteGlobalIDString = FAA9585A2DBEB31D007F9E12;
			remoteInfo = StreamFlix;
		};
		FAA9587F2DBEB31E007F9E12 /* PBXContainerItemProxy */ = {
			isa = PBXContainerItemProxy;
			containerPortal = FAA958532DBEB31D007F9E12 /* Project object */;
			proxyType = 1;
			remoteGlobalIDString = FAA9585A2DBEB31D007F9E12;
			remoteInfo = StreamFlix;
		};
/* End PBXContainerItemProxy section */

/* Begin PBXFileReference section */
		DCACA21F2DFFEE6F00A9D166 /* CollectionViewTableViewCell.swift */ = {isa = PBXFileReference; lastKnownFileType = sourcecode.swift; path = CollectionViewTableViewCell.swift; sourceTree = "<group>"; };
		DCACA2202DFFEE6F00A9D166 /* CollectionViewTableViewCell.xib */ = {isa = PBXFileReference; lastKnownFileType = file.xib; path = CollectionViewTableViewCell.xib; sourceTree = "<group>"; };
		DCACA2282DFFFACB00A9D166 /* TitleCollectionViewCell.swift */ = {isa = PBXFileReference; lastKnownFileType = sourcecode.swift; path = TitleCollectionViewCell.swift; sourceTree = "<group>"; };
		DCACA2292DFFFACB00A9D166 /* TitleCollectionViewCell.xib */ = {isa = PBXFileReference; lastKnownFileType = file.xib; path = TitleCollectionViewCell.xib; sourceTree = "<group>"; };
		FA63AFF52E2D682000F693CC /* RandomMoviePreviewViewModel.swift */ = {isa = PBXFileReference; lastKnownFileType = sourcecode.swift; path = RandomMoviePreviewViewModel.swift; sourceTree = "<group>"; };
		FA6516592DFD7140006BDE9F /* Title.swift */ = {isa = PBXFileReference; lastKnownFileType = sourcecode.swift; path = Title.swift; sourceTree = "<group>"; };
		FAA9585B2DBEB31D007F9E12 /* StreamFlix.app */ = {isa = PBXFileReference; explicitFileType = wrapper.application; includeInIndex = 0; path = StreamFlix.app; sourceTree = BUILT_PRODUCTS_DIR; };
		FAA958742DBEB31E007F9E12 /* StreamFlixTests.xctest */ = {isa = PBXFileReference; explicitFileType = wrapper.cfbundle; includeInIndex = 0; path = StreamFlixTests.xctest; sourceTree = BUILT_PRODUCTS_DIR; };
		FAA9587E2DBEB31E007F9E12 /* StreamFlixUITests.xctest */ = {isa = PBXFileReference; explicitFileType = wrapper.cfbundle; includeInIndex = 0; path = StreamFlixUITests.xctest; sourceTree = BUILT_PRODUCTS_DIR; };
		FAB56A7B2E2CCDFE0010B780 /* GetUpcommingMoviesRequest.swift */ = {isa = PBXFileReference; lastKnownFileType = sourcecode.swift; path = GetUpcommingMoviesRequest.swift; sourceTree = "<group>"; };
		FAB56A7D2E2CCF3E0010B780 /* GetPopularMoviesRequest.swift */ = {isa = PBXFileReference; lastKnownFileType = sourcecode.swift; path = GetPopularMoviesRequest.swift; sourceTree = "<group>"; };
		FAB56A7F2E2CD00E0010B780 /* GetTopRatedMoviesRequest.swift */ = {isa = PBXFileReference; lastKnownFileType = sourcecode.swift; path = GetTopRatedMoviesRequest.swift; sourceTree = "<group>"; };
		FAB56A812E2CD1EF0010B780 /* GetPopularMoviesUseCase.swift */ = {isa = PBXFileReference; lastKnownFileType = sourcecode.swift; path = GetPopularMoviesUseCase.swift; sourceTree = "<group>"; };
		FAB56A832E2CD2040010B780 /* GetUpcommingMoviesUseCase.swift */ = {isa = PBXFileReference; lastKnownFileType = sourcecode.swift; path = GetUpcommingMoviesUseCase.swift; sourceTree = "<group>"; };
		FAB56A852E2CD2210010B780 /* GetTopRatedMoviesUseCase.swift */ = {isa = PBXFileReference; lastKnownFileType = sourcecode.swift; path = GetTopRatedMoviesUseCase.swift; sourceTree = "<group>"; };
		FAB5A0462E2A5EDC00E766EF /* BaseCoordinator.swift */ = {isa = PBXFileReference; lastKnownFileType = sourcecode.swift; path = BaseCoordinator.swift; sourceTree = "<group>"; };
		FAB5A0482E2A5F0A00E766EF /* HomeViewCoordinator.swift */ = {isa = PBXFileReference; lastKnownFileType = sourcecode.swift; path = HomeViewCoordinator.swift; sourceTree = "<group>"; };
		FAB5A04A2E2A64E000E766EF /* BaseViewController.swift */ = {isa = PBXFileReference; lastKnownFileType = sourcecode.swift; path = BaseViewController.swift; sourceTree = "<group>"; };
		FAB5A04C2E2A652C00E766EF /* BaseViewModel.swift */ = {isa = PBXFileReference; lastKnownFileType = sourcecode.swift; path = BaseViewModel.swift; sourceTree = "<group>"; };
		FAB5A0582E2A89AF00E766EF /* CommingSoonViewCoordinator.swift */ = {isa = PBXFileReference; lastKnownFileType = sourcecode.swift; path = CommingSoonViewCoordinator.swift; sourceTree = "<group>"; };
		FAB5A05B2E2A8C4800E766EF /* SearchViewCoordinator.swift */ = {isa = PBXFileReference; lastKnownFileType = sourcecode.swift; path = SearchViewCoordinator.swift; sourceTree = "<group>"; };
		FAB5A05E2E2A8E4600E766EF /* FavouritsViewCoordinator.swift */ = {isa = PBXFileReference; lastKnownFileType = sourcecode.swift; path = FavouritsViewCoordinator.swift; sourceTree = "<group>"; };
		FABA99BB2E2FAF5D002F03E9 /* DetailsViewModel.swift */ = {isa = PBXFileReference; lastKnownFileType = sourcecode.swift; path = DetailsViewModel.swift; sourceTree = "<group>"; };
		FABA99BD2E2FAF80002F03E9 /* DetailsViewCoordinator.swift */ = {isa = PBXFileReference; lastKnownFileType = sourcecode.swift; path = DetailsViewCoordinator.swift; sourceTree = "<group>"; };
		FABA99C02E2FB12A002F03E9 /* DetailsViewController.swift */ = {isa = PBXFileReference; lastKnownFileType = sourcecode.swift; path = DetailsViewController.swift; sourceTree = "<group>"; };
		FABA99C12E2FB12A002F03E9 /* DetailsViewController.xib */ = {isa = PBXFileReference; lastKnownFileType = file.xib; path = DetailsViewController.xib; sourceTree = "<group>"; };
		FABDB50E2E2B86B1004F5C53 /* RowViewModel.swift */ = {isa = PBXFileReference; lastKnownFileType = sourcecode.swift; path = RowViewModel.swift; sourceTree = "<group>"; };
		FABDB5102E2B86E4004F5C53 /* ViewCell.swift */ = {isa = PBXFileReference; lastKnownFileType = sourcecode.swift; path = ViewCell.swift; sourceTree = "<group>"; };
		FABDB5122E2B8784004F5C53 /* SectionViewModel.swift */ = {isa = PBXFileReference; lastKnownFileType = sourcecode.swift; path = SectionViewModel.swift; sourceTree = "<group>"; };
		FABDB5192E2B8925004F5C53 /* CollectionViewTableViewModel.swift */ = {isa = PBXFileReference; lastKnownFileType = sourcecode.swift; path = CollectionViewTableViewModel.swift; sourceTree = "<group>"; };
		FABDB51B2E2B8A89004F5C53 /* TitleCollectionViewCellViewModel.swift */ = {isa = PBXFileReference; lastKnownFileType = sourcecode.swift; path = TitleCollectionViewCellViewModel.swift; sourceTree = "<group>"; };
		FABDB51D2E2C111B004F5C53 /* GetTrendingTVRequest.swift */ = {isa = PBXFileReference; lastKnownFileType = sourcecode.swift; path = GetTrendingTVRequest.swift; sourceTree = "<group>"; };
		FABDB51F2E2C13C2004F5C53 /* GetTrendingMoviesUseCase.swift */ = {isa = PBXFileReference; lastKnownFileType = sourcecode.swift; path = GetTrendingMoviesUseCase.swift; sourceTree = "<group>"; };
		FABDB5212E2C1601004F5C53 /* UseCase.swift */ = {isa = PBXFileReference; lastKnownFileType = sourcecode.swift; path = UseCase.swift; sourceTree = "<group>"; };
		FAD6EDAD2E28E5CF00D65744 /* BaseApiRequest.swift */ = {isa = PBXFileReference; lastKnownFileType = sourcecode.swift; path = BaseApiRequest.swift; sourceTree = "<group>"; };
		FAD6EDB42E28EBA200D65744 /* GetTrendingMoviesRequest.swift */ = {isa = PBXFileReference; lastKnownFileType = sourcecode.swift; path = GetTrendingMoviesRequest.swift; sourceTree = "<group>"; };
		FAE518AB2E293369005F7253 /* MovieRepository.swift */ = {isa = PBXFileReference; lastKnownFileType = sourcecode.swift; path = MovieRepository.swift; sourceTree = "<group>"; };
		FAE518AD2E2933C0005F7253 /* GetTrendingTVUseCase.swift */ = {isa = PBXFileReference; lastKnownFileType = sourcecode.swift; path = GetTrendingTVUseCase.swift; sourceTree = "<group>"; };
		FAE518AF2E293581005F7253 /* MovieRepositoryImpl.swift */ = {isa = PBXFileReference; lastKnownFileType = sourcecode.swift; path = MovieRepositoryImpl.swift; sourceTree = "<group>"; };
		FAE518B12E293BBD005F7253 /* MovieRemoteDataSource.swift */ = {isa = PBXFileReference; lastKnownFileType = sourcecode.swift; path = MovieRemoteDataSource.swift; sourceTree = "<group>"; };
		FAE518B62E29407C005F7253 /* HomeViewModel.swift */ = {isa = PBXFileReference; lastKnownFileType = sourcecode.swift; path = HomeViewModel.swift; sourceTree = "<group>"; };
		FAE518BA2E294518005F7253 /* Observable.swift */ = {isa = PBXFileReference; lastKnownFileType = sourcecode.swift; path = Observable.swift; sourceTree = "<group>"; };
		FAEE31B02DF988F000E9381E /* CommingSoonViewController.swift */ = {isa = PBXFileReference; lastKnownFileType = sourcecode.swift; path = CommingSoonViewController.swift; sourceTree = "<group>"; };
		FAEE31B12DF988F000E9381E /* CommingSoonViewController.xib */ = {isa = PBXFileReference; lastKnownFileType = file.xib; path = CommingSoonViewController.xib; sourceTree = "<group>"; };
		FAEE31B32DF988F000E9381E /* FavouritsViewController.swift */ = {isa = PBXFileReference; lastKnownFileType = sourcecode.swift; path = FavouritsViewController.swift; sourceTree = "<group>"; };
		FAEE31B42DF988F000E9381E /* FavouritsViewController.xib */ = {isa = PBXFileReference; lastKnownFileType = file.xib; path = FavouritsViewController.xib; sourceTree = "<group>"; };
		FAEE31B62DF988F000E9381E /* RandomMoviePreviewViewCell.swift */ = {isa = PBXFileReference; lastKnownFileType = sourcecode.swift; path = RandomMoviePreviewViewCell.swift; sourceTree = "<group>"; };
		FAEE31B72DF988F000E9381E /* RandomMoviePreviewViewCell.xib */ = {isa = PBXFileReference; lastKnownFileType = file.xib; path = RandomMoviePreviewViewCell.xib; sourceTree = "<group>"; };
		FAEE31BA2DF988F000E9381E /* HomeViewController.swift */ = {isa = PBXFileReference; lastKnownFileType = sourcecode.swift; path = HomeViewController.swift; sourceTree = "<group>"; };
		FAEE31BB2DF988F000E9381E /* HomeViewController.xib */ = {isa = PBXFileReference; lastKnownFileType = file.xib; path = HomeViewController.xib; sourceTree = "<group>"; };
		FAEE31BD2DF988F000E9381E /* SearchViewController.swift */ = {isa = PBXFileReference; lastKnownFileType = sourcecode.swift; path = SearchViewController.swift; sourceTree = "<group>"; };
		FAEE31BE2DF988F000E9381E /* SearchViewController.xib */ = {isa = PBXFileReference; lastKnownFileType = file.xib; path = SearchViewController.xib; sourceTree = "<group>"; };
		FAEE31C12DF988F000E9381E /* TabBarController.swift */ = {isa = PBXFileReference; lastKnownFileType = sourcecode.swift; path = TabBarController.swift; sourceTree = "<group>"; };
		FAEE31C32DF988F000E9381E /* AppDelegate.swift */ = {isa = PBXFileReference; lastKnownFileType = sourcecode.swift; path = AppDelegate.swift; sourceTree = "<group>"; };
		FAEE31C42DF988F000E9381E /* Assets.xcassets */ = {isa = PBXFileReference; lastKnownFileType = folder.assetcatalog; path = Assets.xcassets; sourceTree = "<group>"; };
		FAEE31C52DF988F000E9381E /* Info.plist */ = {isa = PBXFileReference; lastKnownFileType = text.plist.xml; path = Info.plist; sourceTree = "<group>"; };
		FAEE31C62DF988F000E9381E /* Base */ = {isa = PBXFileReference; lastKnownFileType = file.storyboard; name = Base; path = Base.lproj/LaunchScreen.storyboard; sourceTree = "<group>"; };
		FAEE31C82DF988F000E9381E /* Base */ = {isa = PBXFileReference; lastKnownFileType = file.storyboard; name = Base; path = Base.lproj/Main.storyboard; sourceTree = "<group>"; };
		FAEE31CA2DF988F000E9381E /* SceneDelegate.swift */ = {isa = PBXFileReference; lastKnownFileType = sourcecode.swift; path = SceneDelegate.swift; sourceTree = "<group>"; };
		FAEE31CC2DF988F000E9381E /* ViewController.swift */ = {isa = PBXFileReference; lastKnownFileType = sourcecode.swift; path = ViewController.swift; sourceTree = "<group>"; };
		FAEE31CE2DF988F000E9381E /* StreamFlix.xcdatamodel */ = {isa = PBXFileReference; lastKnownFileType = wrapper.xcdatamodel; path = StreamFlix.xcdatamodel; sourceTree = "<group>"; };
		FAEE31E32DF9890600E9381E /* APICaller.swift */ = {isa = PBXFileReference; lastKnownFileType = sourcecode.swift; path = APICaller.swift; sourceTree = "<group>"; };
/* End PBXFileReference section */

/* Begin PBXFileSystemSynchronizedRootGroup section */
		FAA958772DBEB31E007F9E12 /* StreamFlixTests */ = {
			isa = PBXFileSystemSynchronizedRootGroup;
			path = StreamFlixTests;
			sourceTree = "<group>";
		};
		FAA958812DBEB31E007F9E12 /* StreamFlixUITests */ = {
			isa = PBXFileSystemSynchronizedRootGroup;
			path = StreamFlixUITests;
			sourceTree = "<group>";
		};
/* End PBXFileSystemSynchronizedRootGroup section */

/* Begin PBXFrameworksBuildPhase section */
		FAA958582DBEB31D007F9E12 /* Frameworks */ = {
			isa = PBXFrameworksBuildPhase;
			buildActionMask = 2147483647;
			files = (
				DCACA22D2DFFFE1500A9D166 /* SDWebImage in Frameworks */,
				DC8B7B3B2DFEE2B1008FB1B4 /* netfox in Frameworks */,
			);
			runOnlyForDeploymentPostprocessing = 0;
		};
		FAA958712DBEB31E007F9E12 /* Frameworks */ = {
			isa = PBXFrameworksBuildPhase;
			buildActionMask = 2147483647;
			files = (
			);
			runOnlyForDeploymentPostprocessing = 0;
		};
		FAA9587B2DBEB31E007F9E12 /* Frameworks */ = {
			isa = PBXFrameworksBuildPhase;
			buildActionMask = 2147483647;
			files = (
			);
			runOnlyForDeploymentPostprocessing = 0;
		};
/* End PBXFrameworksBuildPhase section */

/* Begin PBXGroup section */
		DCACA21E2DFFEE3100A9D166 /* CollectionViewTableViewCell */ = {
			isa = PBXGroup;
			children = (
				FABDB5192E2B8925004F5C53 /* CollectionViewTableViewModel.swift */,
				DCACA21F2DFFEE6F00A9D166 /* CollectionViewTableViewCell.swift */,
				DCACA2202DFFEE6F00A9D166 /* CollectionViewTableViewCell.xib */,
			);
			path = CollectionViewTableViewCell;
			sourceTree = "<group>";
		};
		DCACA2232DFFFA5200A9D166 /* TitleCollectionViewCell */ = {
			isa = PBXGroup;
			children = (
				FABDB51B2E2B8A89004F5C53 /* TitleCollectionViewCellViewModel.swift */,
				DCACA2282DFFFACB00A9D166 /* TitleCollectionViewCell.swift */,
				DCACA2292DFFFACB00A9D166 /* TitleCollectionViewCell.xib */,
			);
			path = TitleCollectionViewCell;
			sourceTree = "<group>";
		};
		FA6516582DFD7137006BDE9F /* Entity */ = {
			isa = PBXGroup;
			children = (
				FA6516592DFD7140006BDE9F /* Title.swift */,
			);
			path = Entity;
			sourceTree = "<group>";
		};
		FAA958522DBEB31D007F9E12 = {
			isa = PBXGroup;
			children = (
				FAEE31CD2DF988F000E9381E /* StreamFlix */,
				FAA958772DBEB31E007F9E12 /* StreamFlixTests */,
				FAA958812DBEB31E007F9E12 /* StreamFlixUITests */,
				FAA9585C2DBEB31D007F9E12 /* Products */,
			);
			sourceTree = "<group>";
		};
		FAA9585C2DBEB31D007F9E12 /* Products */ = {
			isa = PBXGroup;
			children = (
				FAA9585B2DBEB31D007F9E12 /* StreamFlix.app */,
				FAA958742DBEB31E007F9E12 /* StreamFlixTests.xctest */,
				FAA9587E2DBEB31E007F9E12 /* StreamFlixUITests.xctest */,
			);
			name = Products;
			sourceTree = "<group>";
		};
		FAB5A0452E2A5EC800E766EF /* Coordinator */ = {
			isa = PBXGroup;
			children = (
				FAB5A0482E2A5F0A00E766EF /* HomeViewCoordinator.swift */,
			);
			path = Coordinator;
			sourceTree = "<group>";
		};
		FAB5A04E2E2A767200E766EF /* CommingSoon */ = {
			isa = PBXGroup;
			children = (
				FAEE31B22DF988F000E9381E /* CommingSoonViewController */,
				FAB5A04F2E2A768100E766EF /* CommingSoonViewModel */,
				FAB5A0502E2A769500E766EF /* CommingSoonViewCoordinator */,
			);
			path = CommingSoon;
			sourceTree = "<group>";
		};
		FAB5A04F2E2A768100E766EF /* CommingSoonViewModel */ = {
			isa = PBXGroup;
			children = (
			);
			path = CommingSoonViewModel;
			sourceTree = "<group>";
		};
		FAB5A0502E2A769500E766EF /* CommingSoonViewCoordinator */ = {
			isa = PBXGroup;
			children = (
				FAB5A0582E2A89AF00E766EF /* CommingSoonViewCoordinator.swift */,
			);
			path = CommingSoonViewCoordinator;
			sourceTree = "<group>";
		};
		FAB5A0512E2A76A900E766EF /* Favourits */ = {
			isa = PBXGroup;
			children = (
				FAEE31B52DF988F000E9381E /* FavouritsViewController */,
				FAB5A0522E2A772800E766EF /* FavouritsViewModel */,
				FAB5A0532E2A773200E766EF /* FavouritsViewCoordinator */,
			);
			path = Favourits;
			sourceTree = "<group>";
		};
		FAB5A0522E2A772800E766EF /* FavouritsViewModel */ = {
			isa = PBXGroup;
			children = (
			);
			path = FavouritsViewModel;
			sourceTree = "<group>";
		};
		FAB5A0532E2A773200E766EF /* FavouritsViewCoordinator */ = {
			isa = PBXGroup;
			children = (
				FAB5A05E2E2A8E4600E766EF /* FavouritsViewCoordinator.swift */,
			);
			path = FavouritsViewCoordinator;
			sourceTree = "<group>";
		};
		FAB5A0552E2A774D00E766EF /* Search */ = {
			isa = PBXGroup;
			children = (
				FAEE31BF2DF988F000E9381E /* SearchViewController */,
				FAB5A05D2E2A8D6200E766EF /* SearchViewModel */,
				FAB5A05A2E2A8C3B00E766EF /* SearchViewCoordinator */,
			);
			path = Search;
			sourceTree = "<group>";
		};
		FAB5A05A2E2A8C3B00E766EF /* SearchViewCoordinator */ = {
			isa = PBXGroup;
			children = (
				FAB5A05B2E2A8C4800E766EF /* SearchViewCoordinator.swift */,
			);
			path = SearchViewCoordinator;
			sourceTree = "<group>";
		};
		FAB5A05D2E2A8D6200E766EF /* SearchViewModel */ = {
			isa = PBXGroup;
			children = (
			);
			path = SearchViewModel;
			sourceTree = "<group>";
		};
		FABA99B62E2FAF21002F03E9 /* DetailsView */ = {
			isa = PBXGroup;
			children = (
				FAD8B8E42E3004EE007D9FFD /* DetailsViewCoordinator */,
				FAD8B8E52E3004FA007D9FFD /* DetailsViewModel */,
				FABA99BF2E2FAF94002F03E9 /* DetailsViewController */,
			);
			path = DetailsView;
			sourceTree = "<group>";
		};
		FABA99BF2E2FAF94002F03E9 /* DetailsViewController */ = {
			isa = PBXGroup;
			children = (
				FABA99C02E2FB12A002F03E9 /* DetailsViewController.swift */,
				FABA99C12E2FB12A002F03E9 /* DetailsViewController.xib */,
			);
			path = DetailsViewController;
			sourceTree = "<group>";
		};
		FAD6EDAF2E28E83300D65744 /* NetworkManager */ = {
			isa = PBXGroup;
			children = (
				FAD6EDAD2E28E5CF00D65744 /* BaseApiRequest.swift */,
				FAEE31E32DF9890600E9381E /* APICaller.swift */,
			);
			path = NetworkManager;
			sourceTree = "<group>";
		};
		FAD6EDB02E28E92A00D65744 /* RemoteDataSource */ = {
			isa = PBXGroup;
			children = (
				FAE518B12E293BBD005F7253 /* MovieRemoteDataSource.swift */,
			);
			path = RemoteDataSource;
			sourceTree = "<group>";
		};
		FAD6EDB12E28E94C00D65744 /* LocalDataSource */ = {
			isa = PBXGroup;
			children = (
			);
			path = LocalDataSource;
			sourceTree = "<group>";
		};
		FAD6EDB22E28E95500D65744 /* Repository */ = {
			isa = PBXGroup;
			children = (
				FAE518AF2E293581005F7253 /* MovieRepositoryImpl.swift */,
			);
			path = Repository;
			sourceTree = "<group>";
		};
		FAD6EDB32E28E96100D65744 /* DomainLayer */ = {
			isa = PBXGroup;
			children = (
				FAE518AA2E29335A005F7253 /* Repository */,
				FAE518A92E293352005F7253 /* UseCase */,
				FA6516582DFD7137006BDE9F /* Entity */,
			);
			path = DomainLayer;
			sourceTree = "<group>";
		};
		FAD8B8E42E3004EE007D9FFD /* DetailsViewCoordinator */ = {
			isa = PBXGroup;
			children = (
				FABA99BD2E2FAF80002F03E9 /* DetailsViewCoordinator.swift */,
			);
			path = DetailsViewCoordinator;
			sourceTree = "<group>";
		};
		FAD8B8E52E3004FA007D9FFD /* DetailsViewModel */ = {
			isa = PBXGroup;
			children = (
				FABA99BB2E2FAF5D002F03E9 /* DetailsViewModel.swift */,
			);
			path = DetailsViewModel;
			sourceTree = "<group>";
		};
		FAE518A92E293352005F7253 /* UseCase */ = {
			isa = PBXGroup;
			children = (
				FABDB51F2E2C13C2004F5C53 /* GetTrendingMoviesUseCase.swift */,
				FAE518AD2E2933C0005F7253 /* GetTrendingTVUseCase.swift */,
				FAB56A812E2CD1EF0010B780 /* GetPopularMoviesUseCase.swift */,
				FAB56A832E2CD2040010B780 /* GetUpcommingMoviesUseCase.swift */,
				FAB56A852E2CD2210010B780 /* GetTopRatedMoviesUseCase.swift */,
			);
			path = UseCase;
			sourceTree = "<group>";
		};
		FAE518AA2E29335A005F7253 /* Repository */ = {
			isa = PBXGroup;
			children = (
				FAE518AB2E293369005F7253 /* MovieRepository.swift */,
			);
			path = Repository;
			sourceTree = "<group>";
		};
		FAE518B32E293E80005F7253 /* ApiRequest */ = {
			isa = PBXGroup;
			children = (
				FAD6EDB42E28EBA200D65744 /* GetTrendingMoviesRequest.swift */,
				FABDB51D2E2C111B004F5C53 /* GetTrendingTVRequest.swift */,
				FAB56A7D2E2CCF3E0010B780 /* GetPopularMoviesRequest.swift */,
				FAB56A7B2E2CCDFE0010B780 /* GetUpcommingMoviesRequest.swift */,
				FAB56A7F2E2CD00E0010B780 /* GetTopRatedMoviesRequest.swift */,
			);
			path = ApiRequest;
			sourceTree = "<group>";
		};
		FAE518B42E29400D005F7253 /* Home */ = {
			isa = PBXGroup;
			children = (
				FAEE31BC2DF988F000E9381E /* HomeViewController */,
				FAE518B52E294020005F7253 /* HomeViewModel */,
				FAB5A0452E2A5EC800E766EF /* Coordinator */,
			);
			path = Home;
			sourceTree = "<group>";
		};
		FAE518B52E294020005F7253 /* HomeViewModel */ = {
			isa = PBXGroup;
			children = (
				FAE518B62E29407C005F7253 /* HomeViewModel.swift */,
			);
			path = HomeViewModel;
			sourceTree = "<group>";
		};
		FAE518B92E294510005F7253 /* Utility */ = {
			isa = PBXGroup;
			children = (
				FABDB5212E2C1601004F5C53 /* UseCase.swift */,
				FABDB5122E2B8784004F5C53 /* SectionViewModel.swift */,
				FABDB5102E2B86E4004F5C53 /* ViewCell.swift */,
				FABDB50E2E2B86B1004F5C53 /* RowViewModel.swift */,
				FAB5A04C2E2A652C00E766EF /* BaseViewModel.swift */,
				FAB5A04A2E2A64E000E766EF /* BaseViewController.swift */,
				FAB5A0462E2A5EDC00E766EF /* BaseCoordinator.swift */,
				FAE518BA2E294518005F7253 /* Observable.swift */,
			);
			path = Utility;
			sourceTree = "<group>";
		};
		FAEE31B22DF988F000E9381E /* CommingSoonViewController */ = {
			isa = PBXGroup;
			children = (
				FAEE31B02DF988F000E9381E /* CommingSoonViewController.swift */,
				FAEE31B12DF988F000E9381E /* CommingSoonViewController.xib */,
			);
			path = CommingSoonViewController;
			sourceTree = "<group>";
		};
		FAEE31B52DF988F000E9381E /* FavouritsViewController */ = {
			isa = PBXGroup;
			children = (
				FAEE31B32DF988F000E9381E /* FavouritsViewController.swift */,
				FAEE31B42DF988F000E9381E /* FavouritsViewController.xib */,
			);
			path = FavouritsViewController;
			sourceTree = "<group>";
		};
		FAEE31B82DF988F000E9381E /* RandomMoviePreviewView */ = {
			isa = PBXGroup;
			children = (
				FA63AFF52E2D682000F693CC /* RandomMoviePreviewViewModel.swift */,
				FAEE31B62DF988F000E9381E /* RandomMoviePreviewViewCell.swift */,
				FAEE31B72DF988F000E9381E /* RandomMoviePreviewViewCell.xib */,
			);
			path = RandomMoviePreviewView;
			sourceTree = "<group>";
		};
		FAEE31B92DF988F000E9381E /* Views */ = {
			isa = PBXGroup;
			children = (
				FAEE31B82DF988F000E9381E /* RandomMoviePreviewView */,
				DCACA21E2DFFEE3100A9D166 /* CollectionViewTableViewCell */,
				DCACA2232DFFFA5200A9D166 /* TitleCollectionViewCell */,
			);
			path = Views;
			sourceTree = "<group>";
		};
		FAEE31BC2DF988F000E9381E /* HomeViewController */ = {
			isa = PBXGroup;
			children = (
				FAEE31B92DF988F000E9381E /* Views */,
				FAEE31BA2DF988F000E9381E /* HomeViewController.swift */,
				FAEE31BB2DF988F000E9381E /* HomeViewController.xib */,
			);
			path = HomeViewController;
			sourceTree = "<group>";
		};
		FAEE31BF2DF988F000E9381E /* SearchViewController */ = {
			isa = PBXGroup;
			children = (
				FAEE31BD2DF988F000E9381E /* SearchViewController.swift */,
				FAEE31BE2DF988F000E9381E /* SearchViewController.xib */,
			);
			path = SearchViewController;
			sourceTree = "<group>";
		};
		FAEE31C22DF988F000E9381E /* PresentationLayer */ = {
			isa = PBXGroup;
			children = (
				FABA99B62E2FAF21002F03E9 /* DetailsView */,
				FAEE31C12DF988F000E9381E /* TabBarController.swift */,
				FAE518B42E29400D005F7253 /* Home */,
				FAB5A04E2E2A767200E766EF /* CommingSoon */,
				FAB5A0552E2A774D00E766EF /* Search */,
				FAB5A0512E2A76A900E766EF /* Favourits */,
			);
			path = PresentationLayer;
			sourceTree = "<group>";
		};
		FAEE31CD2DF988F000E9381E /* StreamFlix */ = {
			isa = PBXGroup;
			children = (
				FAE518B92E294510005F7253 /* Utility */,
				FAD6EDAF2E28E83300D65744 /* NetworkManager */,
				FAEE31E22DF988FB00E9381E /* DataLayer */,
				FAD6EDB32E28E96100D65744 /* DomainLayer */,
				FAEE31C22DF988F000E9381E /* PresentationLayer */,
				FAEE31C32DF988F000E9381E /* AppDelegate.swift */,
				FAEE31C42DF988F000E9381E /* Assets.xcassets */,
				FAEE31C52DF988F000E9381E /* Info.plist */,
				FAEE31C72DF988F000E9381E /* LaunchScreen.storyboard */,
				FAEE31C92DF988F000E9381E /* Main.storyboard */,
				FAEE31CA2DF988F000E9381E /* SceneDelegate.swift */,
				FAEE31CB2DF988F000E9381E /* StreamFlix.xcdatamodeld */,
				FAEE31CC2DF988F000E9381E /* ViewController.swift */,
			);
			path = StreamFlix;
			sourceTree = "<group>";
		};
		FAEE31E22DF988FB00E9381E /* DataLayer */ = {
			isa = PBXGroup;
			children = (
				FAE518B32E293E80005F7253 /* ApiRequest */,
				FAD6EDB22E28E95500D65744 /* Repository */,
				FAD6EDB12E28E94C00D65744 /* LocalDataSource */,
				FAD6EDB02E28E92A00D65744 /* RemoteDataSource */,
			);
			path = DataLayer;
			sourceTree = "<group>";
		};
/* End PBXGroup section */

/* Begin PBXNativeTarget section */
		FAA9585A2DBEB31D007F9E12 /* StreamFlix */ = {
			isa = PBXNativeTarget;
			buildConfigurationList = FAA958872DBEB31E007F9E12 /* Build configuration list for PBXNativeTarget "StreamFlix" */;
			buildPhases = (
				FAA958572DBEB31D007F9E12 /* Sources */,
				FAA958582DBEB31D007F9E12 /* Frameworks */,
				FAA958592DBEB31D007F9E12 /* Resources */,
			);
			buildRules = (
			);
			dependencies = (
			);
			name = StreamFlix;
			packageProductDependencies = (
				DC8B7B3A2DFEE2B1008FB1B4 /* netfox */,
				DCACA22C2DFFFE1500A9D166 /* SDWebImage */,
			);
			productName = StreamFlix;
			productReference = FAA9585B2DBEB31D007F9E12 /* StreamFlix.app */;
			productType = "com.apple.product-type.application";
		};
		FAA958732DBEB31E007F9E12 /* StreamFlixTests */ = {
			isa = PBXNativeTarget;
			buildConfigurationList = FAA9588C2DBEB31E007F9E12 /* Build configuration list for PBXNativeTarget "StreamFlixTests" */;
			buildPhases = (
				FAA958702DBEB31E007F9E12 /* Sources */,
				FAA958712DBEB31E007F9E12 /* Frameworks */,
				FAA958722DBEB31E007F9E12 /* Resources */,
			);
			buildRules = (
			);
			dependencies = (
				FAA958762DBEB31E007F9E12 /* PBXTargetDependency */,
			);
			fileSystemSynchronizedGroups = (
				FAA958772DBEB31E007F9E12 /* StreamFlixTests */,
			);
			name = StreamFlixTests;
			packageProductDependencies = (
			);
			productName = StreamFlixTests;
			productReference = FAA958742DBEB31E007F9E12 /* StreamFlixTests.xctest */;
			productType = "com.apple.product-type.bundle.unit-test";
		};
		FAA9587D2DBEB31E007F9E12 /* StreamFlixUITests */ = {
			isa = PBXNativeTarget;
			buildConfigurationList = FAA9588F2DBEB31E007F9E12 /* Build configuration list for PBXNativeTarget "StreamFlixUITests" */;
			buildPhases = (
				FAA9587A2DBEB31E007F9E12 /* Sources */,
				FAA9587B2DBEB31E007F9E12 /* Frameworks */,
				FAA9587C2DBEB31E007F9E12 /* Resources */,
			);
			buildRules = (
			);
			dependencies = (
				FAA958802DBEB31E007F9E12 /* PBXTargetDependency */,
			);
			fileSystemSynchronizedGroups = (
				FAA958812DBEB31E007F9E12 /* StreamFlixUITests */,
			);
			name = StreamFlixUITests;
			packageProductDependencies = (
			);
			productName = StreamFlixUITests;
			productReference = FAA9587E2DBEB31E007F9E12 /* StreamFlixUITests.xctest */;
			productType = "com.apple.product-type.bundle.ui-testing";
		};
/* End PBXNativeTarget section */

/* Begin PBXProject section */
		FAA958532DBEB31D007F9E12 /* Project object */ = {
			isa = PBXProject;
			attributes = {
				BuildIndependentTargetsInParallel = 1;
				LastSwiftUpdateCheck = 1630;
				LastUpgradeCheck = 1630;
				TargetAttributes = {
					FAA9585A2DBEB31D007F9E12 = {
						CreatedOnToolsVersion = 16.3;
					};
					FAA958732DBEB31E007F9E12 = {
						CreatedOnToolsVersion = 16.3;
						TestTargetID = FAA9585A2DBEB31D007F9E12;
					};
					FAA9587D2DBEB31E007F9E12 = {
						CreatedOnToolsVersion = 16.3;
						TestTargetID = FAA9585A2DBEB31D007F9E12;
					};
				};
			};
			buildConfigurationList = FAA958562DBEB31D007F9E12 /* Build configuration list for PBXProject "StreamFlix" */;
			developmentRegion = en;
			hasScannedForEncodings = 0;
			knownRegions = (
				en,
				Base,
			);
			mainGroup = FAA958522DBEB31D007F9E12;
			minimizedProjectReferenceProxies = 1;
			packageReferences = (
				DC8B7B382DFEE206008FB1B4 /* XCRemoteSwiftPackageReference "SDWebImage" */,
				DC8B7B392DFEE263008FB1B4 /* XCRemoteSwiftPackageReference "netfox" */,
			);
			preferredProjectObjectVersion = 77;
			productRefGroup = FAA9585C2DBEB31D007F9E12 /* Products */;
			projectDirPath = "";
			projectRoot = "";
			targets = (
				FAA9585A2DBEB31D007F9E12 /* StreamFlix */,
				FAA958732DBEB31E007F9E12 /* StreamFlixTests */,
				FAA9587D2DBEB31E007F9E12 /* StreamFlixUITests */,
			);
		};
/* End PBXProject section */

/* Begin PBXResourcesBuildPhase section */
		FAA958592DBEB31D007F9E12 /* Resources */ = {
			isa = PBXResourcesBuildPhase;
			buildActionMask = 2147483647;
			files = (
				FAEE31D92DF988F000E9381E /* CommingSoonViewController.xib in Resources */,
				DCACA2212DFFEE6F00A9D166 /* CollectionViewTableViewCell.xib in Resources */,
				FAEE31DA2DF988F000E9381E /* FavouritsViewController.xib in Resources */,
				FAEE31DB2DF988F000E9381E /* RandomMoviePreviewViewCell.xib in Resources */,
				FAEE31DC2DF988F000E9381E /* HomeViewController.xib in Resources */,
				FABA99C32E2FB12A002F03E9 /* DetailsViewController.xib in Resources */,
				DCACA22A2DFFFACB00A9D166 /* TitleCollectionViewCell.xib in Resources */,
				FAEE31DD2DF988F000E9381E /* SearchViewController.xib in Resources */,
				FAEE31DE2DF988F000E9381E /* Assets.xcassets in Resources */,
				FAEE31E02DF988F000E9381E /* LaunchScreen.storyboard in Resources */,
				FAEE31E12DF988F000E9381E /* Main.storyboard in Resources */,
			);
			runOnlyForDeploymentPostprocessing = 0;
		};
		FAA958722DBEB31E007F9E12 /* Resources */ = {
			isa = PBXResourcesBuildPhase;
			buildActionMask = 2147483647;
			files = (
			);
			runOnlyForDeploymentPostprocessing = 0;
		};
		FAA9587C2DBEB31E007F9E12 /* Resources */ = {
			isa = PBXResourcesBuildPhase;
			buildActionMask = 2147483647;
			files = (
			);
			runOnlyForDeploymentPostprocessing = 0;
		};
/* End PBXResourcesBuildPhase section */

/* Begin PBXSourcesBuildPhase section */
		FAA958572DBEB31D007F9E12 /* Sources */ = {
			isa = PBXSourcesBuildPhase;
			buildActionMask = 2147483647;
			files = (
				FAE518BB2E29451D005F7253 /* Observable.swift in Sources */,
				FAB56A822E2CD1FE0010B780 /* GetPopularMoviesUseCase.swift in Sources */,
				FAEE31CF2DF988F000E9381E /* CommingSoonViewController.swift in Sources */,
				FAE518B22E293BC9005F7253 /* MovieRemoteDataSource.swift in Sources */,
				FA65165A2DFD7148006BDE9F /* Title.swift in Sources */,
				FAB56A7E2E2CCF470010B780 /* GetPopularMoviesRequest.swift in Sources */,
				FAEE31D02DF988F000E9381E /* FavouritsViewController.swift in Sources */,
				FAB56A842E2CD21A0010B780 /* GetUpcommingMoviesUseCase.swift in Sources */,
				FAB5A05F2E2A8E4700E766EF /* FavouritsViewCoordinator.swift in Sources */,
				FAB5A0492E2A5F1200E766EF /* HomeViewCoordinator.swift in Sources */,
				FAB56A802E2CD0210010B780 /* GetTopRatedMoviesRequest.swift in Sources */,
				FABA99C22E2FB12A002F03E9 /* DetailsViewController.swift in Sources */,
				FABDB51E2E2C1125004F5C53 /* GetTrendingTVRequest.swift in Sources */,
				FAB56A862E2CD22C0010B780 /* GetTopRatedMoviesUseCase.swift in Sources */,
				FAEE31D12DF988F000E9381E /* RandomMoviePreviewViewCell.swift in Sources */,
				FABDB5112E2B8707004F5C53 /* ViewCell.swift in Sources */,
				FAB5A04D2E2A653200E766EF /* BaseViewModel.swift in Sources */,
				FAEE31D22DF988F000E9381E /* HomeViewController.swift in Sources */,
				DCACA2222DFFEE6F00A9D166 /* CollectionViewTableViewCell.swift in Sources */,
				FABDB51A2E2B892B004F5C53 /* CollectionViewTableViewModel.swift in Sources */,
				FAEE31D32DF988F000E9381E /* SearchViewController.swift in Sources */,
				FABA99BE2E2FAF8D002F03E9 /* DetailsViewCoordinator.swift in Sources */,
				FAB5A05C2E2A8C4D00E766EF /* SearchViewCoordinator.swift in Sources */,
				FA63AFF62E2D682600F693CC /* RandomMoviePreviewViewModel.swift in Sources */,
				FAB5A0592E2A89B600E766EF /* CommingSoonViewCoordinator.swift in Sources */,
				FAD6EDB52E28EBB100D65744 /* GetTrendingMoviesRequest.swift in Sources */,
				DCACA22B2DFFFACB00A9D166 /* TitleCollectionViewCell.swift in Sources */,
				FABDB5222E2C160F004F5C53 /* UseCase.swift in Sources */,
				FAE518AC2E29337B005F7253 /* MovieRepository.swift in Sources */,
				FABDB5132E2B878A004F5C53 /* SectionViewModel.swift in Sources */,
				FAD6EDAE2E28E5F500D65744 /* BaseApiRequest.swift in Sources */,
				FAEE31D42DF988F000E9381E /* TabBarController.swift in Sources */,
				FAEE31D52DF988F000E9381E /* AppDelegate.swift in Sources */,
				FAB56A7C2E2CCE060010B780 /* GetUpcommingMoviesRequest.swift in Sources */,
				FABA99BC2E2FAF6A002F03E9 /* DetailsViewModel.swift in Sources */,
				FAEE31D62DF988F000E9381E /* SceneDelegate.swift in Sources */,
				FAB5A0472E2A5EE100E766EF /* BaseCoordinator.swift in Sources */,
				FAE518B02E29358D005F7253 /* MovieRepositoryImpl.swift in Sources */,
				FABDB50F2E2B86BF004F5C53 /* RowViewModel.swift in Sources */,
				FAE518B72E294081005F7253 /* HomeViewModel.swift in Sources */,
				FABDB51C2E2B8A8C004F5C53 /* TitleCollectionViewCellViewModel.swift in Sources */,
				FAB5A04B2E2A64E700E766EF /* BaseViewController.swift in Sources */,
				FAEE31E42DF9890B00E9381E /* APICaller.swift in Sources */,
				FABDB5202E2C13C9004F5C53 /* GetTrendingMoviesUseCase.swift in Sources */,
				FAEE31D72DF988F000E9381E /* StreamFlix.xcdatamodeld in Sources */,
				FAEE31D82DF988F000E9381E /* ViewController.swift in Sources */,
				FAE518AE2E2933D0005F7253 /* GetTrendingTVUseCase.swift in Sources */,
			);
			runOnlyForDeploymentPostprocessing = 0;
		};
		FAA958702DBEB31E007F9E12 /* Sources */ = {
			isa = PBXSourcesBuildPhase;
			buildActionMask = 2147483647;
			files = (
			);
			runOnlyForDeploymentPostprocessing = 0;
		};
		FAA9587A2DBEB31E007F9E12 /* Sources */ = {
			isa = PBXSourcesBuildPhase;
			buildActionMask = 2147483647;
			files = (
			);
			runOnlyForDeploymentPostprocessing = 0;
		};
/* End PBXSourcesBuildPhase section */

/* Begin PBXTargetDependency section */
		FAA958762DBEB31E007F9E12 /* PBXTargetDependency */ = {
			isa = PBXTargetDependency;
			target = FAA9585A2DBEB31D007F9E12 /* StreamFlix */;
			targetProxy = FAA958752DBEB31E007F9E12 /* PBXContainerItemProxy */;
		};
		FAA958802DBEB31E007F9E12 /* PBXTargetDependency */ = {
			isa = PBXTargetDependency;
			target = FAA9585A2DBEB31D007F9E12 /* StreamFlix */;
			targetProxy = FAA9587F2DBEB31E007F9E12 /* PBXContainerItemProxy */;
		};
/* End PBXTargetDependency section */

/* Begin PBXVariantGroup section */
		FAEE31C72DF988F000E9381E /* LaunchScreen.storyboard */ = {
			isa = PBXVariantGroup;
			children = (
				FAEE31C62DF988F000E9381E /* Base */,
			);
			name = LaunchScreen.storyboard;
			sourceTree = "<group>";
		};
		FAEE31C92DF988F000E9381E /* Main.storyboard */ = {
			isa = PBXVariantGroup;
			children = (
				FAEE31C82DF988F000E9381E /* Base */,
			);
			name = Main.storyboard;
			sourceTree = "<group>";
		};
/* End PBXVariantGroup section */

/* Begin XCBuildConfiguration section */
		FAA958882DBEB31E007F9E12 /* Debug */ = {
			isa = XCBuildConfiguration;
			buildSettings = {
				ASSETCATALOG_COMPILER_APPICON_NAME = AppIcon;
				ASSETCATALOG_COMPILER_GLOBAL_ACCENT_COLOR_NAME = AccentColor;
				CODE_SIGN_STYLE = Automatic;
				CURRENT_PROJECT_VERSION = 1;
				GENERATE_INFOPLIST_FILE = YES;
				INFOPLIST_FILE = StreamFlix/Info.plist;
				INFOPLIST_KEY_UIApplicationSupportsIndirectInputEvents = YES;
				INFOPLIST_KEY_UILaunchStoryboardName = LaunchScreen;
				INFOPLIST_KEY_UIMainStoryboardFile = Main;
				INFOPLIST_KEY_UISupportedInterfaceOrientations_iPad = "UIInterfaceOrientationPortrait UIInterfaceOrientationPortraitUpsideDown UIInterfaceOrientationLandscapeLeft UIInterfaceOrientationLandscapeRight";
				INFOPLIST_KEY_UISupportedInterfaceOrientations_iPhone = "UIInterfaceOrientationPortrait UIInterfaceOrientationLandscapeLeft UIInterfaceOrientationLandscapeRight";
				LD_RUNPATH_SEARCH_PATHS = (
					"$(inherited)",
					"@executable_path/Frameworks",
				);
				MARKETING_VERSION = 1.0;
				PRODUCT_BUNDLE_IDENTIFIER = com.RamezHamdySaeed.StreamFlix;
				PRODUCT_NAME = "$(TARGET_NAME)";
				SWIFT_EMIT_LOC_STRINGS = YES;
				SWIFT_VERSION = 5.0;
				TARGETED_DEVICE_FAMILY = "1,2";
			};
			name = Debug;
		};
		FAA958892DBEB31E007F9E12 /* Release */ = {
			isa = XCBuildConfiguration;
			buildSettings = {
				ASSETCATALOG_COMPILER_APPICON_NAME = AppIcon;
				ASSETCATALOG_COMPILER_GLOBAL_ACCENT_COLOR_NAME = AccentColor;
				CODE_SIGN_STYLE = Automatic;
				CURRENT_PROJECT_VERSION = 1;
				GENERATE_INFOPLIST_FILE = YES;
				INFOPLIST_FILE = StreamFlix/Info.plist;
				INFOPLIST_KEY_UIApplicationSupportsIndirectInputEvents = YES;
				INFOPLIST_KEY_UILaunchStoryboardName = LaunchScreen;
				INFOPLIST_KEY_UIMainStoryboardFile = Main;
				INFOPLIST_KEY_UISupportedInterfaceOrientations_iPad = "UIInterfaceOrientationPortrait UIInterfaceOrientationPortraitUpsideDown UIInterfaceOrientationLandscapeLeft UIInterfaceOrientationLandscapeRight";
				INFOPLIST_KEY_UISupportedInterfaceOrientations_iPhone = "UIInterfaceOrientationPortrait UIInterfaceOrientationLandscapeLeft UIInterfaceOrientationLandscapeRight";
				LD_RUNPATH_SEARCH_PATHS = (
					"$(inherited)",
					"@executable_path/Frameworks",
				);
				MARKETING_VERSION = 1.0;
				PRODUCT_BUNDLE_IDENTIFIER = com.RamezHamdySaeed.StreamFlix;
				PRODUCT_NAME = "$(TARGET_NAME)";
				SWIFT_EMIT_LOC_STRINGS = YES;
				SWIFT_VERSION = 5.0;
				TARGETED_DEVICE_FAMILY = "1,2";
			};
			name = Release;
		};
		FAA9588A2DBEB31E007F9E12 /* Debug */ = {
			isa = XCBuildConfiguration;
			buildSettings = {
				ALWAYS_SEARCH_USER_PATHS = NO;
				ASSETCATALOG_COMPILER_GENERATE_SWIFT_ASSET_SYMBOL_EXTENSIONS = YES;
				CLANG_ANALYZER_NONNULL = YES;
				CLANG_ANALYZER_NUMBER_OBJECT_CONVERSION = YES_AGGRESSIVE;
				CLANG_CXX_LANGUAGE_STANDARD = "gnu++20";
				CLANG_ENABLE_MODULES = YES;
				CLANG_ENABLE_OBJC_ARC = YES;
				CLANG_ENABLE_OBJC_WEAK = YES;
				CLANG_WARN_BLOCK_CAPTURE_AUTORELEASING = YES;
				CLANG_WARN_BOOL_CONVERSION = YES;
				CLANG_WARN_COMMA = YES;
				CLANG_WARN_CONSTANT_CONVERSION = YES;
				CLANG_WARN_DEPRECATED_OBJC_IMPLEMENTATIONS = YES;
				CLANG_WARN_DIRECT_OBJC_ISA_USAGE = YES_ERROR;
				CLANG_WARN_DOCUMENTATION_COMMENTS = YES;
				CLANG_WARN_EMPTY_BODY = YES;
				CLANG_WARN_ENUM_CONVERSION = YES;
				CLANG_WARN_INFINITE_RECURSION = YES;
				CLANG_WARN_INT_CONVERSION = YES;
				CLANG_WARN_NON_LITERAL_NULL_CONVERSION = YES;
				CLANG_WARN_OBJC_IMPLICIT_RETAIN_SELF = YES;
				CLANG_WARN_OBJC_LITERAL_CONVERSION = YES;
				CLANG_WARN_OBJC_ROOT_CLASS = YES_ERROR;
				CLANG_WARN_QUOTED_INCLUDE_IN_FRAMEWORK_HEADER = YES;
				CLANG_WARN_RANGE_LOOP_ANALYSIS = YES;
				CLANG_WARN_STRICT_PROTOTYPES = YES;
				CLANG_WARN_SUSPICIOUS_MOVE = YES;
				CLANG_WARN_UNGUARDED_AVAILABILITY = YES_AGGRESSIVE;
				CLANG_WARN_UNREACHABLE_CODE = YES;
				CLANG_WARN__DUPLICATE_METHOD_MATCH = YES;
				COPY_PHASE_STRIP = NO;
				DEBUG_INFORMATION_FORMAT = dwarf;
				ENABLE_STRICT_OBJC_MSGSEND = YES;
				ENABLE_TESTABILITY = YES;
				ENABLE_USER_SCRIPT_SANDBOXING = YES;
				GCC_C_LANGUAGE_STANDARD = gnu17;
				GCC_DYNAMIC_NO_PIC = NO;
				GCC_NO_COMMON_BLOCKS = YES;
				GCC_OPTIMIZATION_LEVEL = 0;
				GCC_PREPROCESSOR_DEFINITIONS = (
					"DEBUG=1",
					"$(inherited)",
				);
				GCC_WARN_64_TO_32_BIT_CONVERSION = YES;
				GCC_WARN_ABOUT_RETURN_TYPE = YES_ERROR;
				GCC_WARN_UNDECLARED_SELECTOR = YES;
				GCC_WARN_UNINITIALIZED_AUTOS = YES_AGGRESSIVE;
				GCC_WARN_UNUSED_FUNCTION = YES;
				GCC_WARN_UNUSED_VARIABLE = YES;
				IPHONEOS_DEPLOYMENT_TARGET = 18.4;
				LOCALIZATION_PREFERS_STRING_CATALOGS = YES;
				MTL_ENABLE_DEBUG_INFO = INCLUDE_SOURCE;
				MTL_FAST_MATH = YES;
				ONLY_ACTIVE_ARCH = YES;
				SDKROOT = iphoneos;
				SWIFT_ACTIVE_COMPILATION_CONDITIONS = "DEBUG $(inherited)";
				SWIFT_OPTIMIZATION_LEVEL = "-Onone";
			};
			name = Debug;
		};
		FAA9588B2DBEB31E007F9E12 /* Release */ = {
			isa = XCBuildConfiguration;
			buildSettings = {
				ALWAYS_SEARCH_USER_PATHS = NO;
				ASSETCATALOG_COMPILER_GENERATE_SWIFT_ASSET_SYMBOL_EXTENSIONS = YES;
				CLANG_ANALYZER_NONNULL = YES;
				CLANG_ANALYZER_NUMBER_OBJECT_CONVERSION = YES_AGGRESSIVE;
				CLANG_CXX_LANGUAGE_STANDARD = "gnu++20";
				CLANG_ENABLE_MODULES = YES;
				CLANG_ENABLE_OBJC_ARC = YES;
				CLANG_ENABLE_OBJC_WEAK = YES;
				CLANG_WARN_BLOCK_CAPTURE_AUTORELEASING = YES;
				CLANG_WARN_BOOL_CONVERSION = YES;
				CLANG_WARN_COMMA = YES;
				CLANG_WARN_CONSTANT_CONVERSION = YES;
				CLANG_WARN_DEPRECATED_OBJC_IMPLEMENTATIONS = YES;
				CLANG_WARN_DIRECT_OBJC_ISA_USAGE = YES_ERROR;
				CLANG_WARN_DOCUMENTATION_COMMENTS = YES;
				CLANG_WARN_EMPTY_BODY = YES;
				CLANG_WARN_ENUM_CONVERSION = YES;
				CLANG_WARN_INFINITE_RECURSION = YES;
				CLANG_WARN_INT_CONVERSION = YES;
				CLANG_WARN_NON_LITERAL_NULL_CONVERSION = YES;
				CLANG_WARN_OBJC_IMPLICIT_RETAIN_SELF = YES;
				CLANG_WARN_OBJC_LITERAL_CONVERSION = YES;
				CLANG_WARN_OBJC_ROOT_CLASS = YES_ERROR;
				CLANG_WARN_QUOTED_INCLUDE_IN_FRAMEWORK_HEADER = YES;
				CLANG_WARN_RANGE_LOOP_ANALYSIS = YES;
				CLANG_WARN_STRICT_PROTOTYPES = YES;
				CLANG_WARN_SUSPICIOUS_MOVE = YES;
				CLANG_WARN_UNGUARDED_AVAILABILITY = YES_AGGRESSIVE;
				CLANG_WARN_UNREACHABLE_CODE = YES;
				CLANG_WARN__DUPLICATE_METHOD_MATCH = YES;
				COPY_PHASE_STRIP = NO;
				DEBUG_INFORMATION_FORMAT = "dwarf-with-dsym";
				ENABLE_NS_ASSERTIONS = NO;
				ENABLE_STRICT_OBJC_MSGSEND = YES;
				ENABLE_USER_SCRIPT_SANDBOXING = YES;
				GCC_C_LANGUAGE_STANDARD = gnu17;
				GCC_NO_COMMON_BLOCKS = YES;
				GCC_WARN_64_TO_32_BIT_CONVERSION = YES;
				GCC_WARN_ABOUT_RETURN_TYPE = YES_ERROR;
				GCC_WARN_UNDECLARED_SELECTOR = YES;
				GCC_WARN_UNINITIALIZED_AUTOS = YES_AGGRESSIVE;
				GCC_WARN_UNUSED_FUNCTION = YES;
				GCC_WARN_UNUSED_VARIABLE = YES;
				IPHONEOS_DEPLOYMENT_TARGET = 18.4;
				LOCALIZATION_PREFERS_STRING_CATALOGS = YES;
				MTL_ENABLE_DEBUG_INFO = NO;
				MTL_FAST_MATH = YES;
				SDKROOT = iphoneos;
				SWIFT_COMPILATION_MODE = wholemodule;
				VALIDATE_PRODUCT = YES;
			};
			name = Release;
		};
		FAA9588D2DBEB31E007F9E12 /* Debug */ = {
			isa = XCBuildConfiguration;
			buildSettings = {
				BUNDLE_LOADER = "$(TEST_HOST)";
				CODE_SIGN_STYLE = Automatic;
				CURRENT_PROJECT_VERSION = 1;
				GENERATE_INFOPLIST_FILE = YES;
				IPHONEOS_DEPLOYMENT_TARGET = 18.4;
				MARKETING_VERSION = 1.0;
				PRODUCT_BUNDLE_IDENTIFIER = com.RamezHamdySaeed.StreamFlixTests;
				PRODUCT_NAME = "$(TARGET_NAME)";
				SWIFT_EMIT_LOC_STRINGS = NO;
				SWIFT_VERSION = 5.0;
				TARGETED_DEVICE_FAMILY = "1,2";
				TEST_HOST = "$(BUILT_PRODUCTS_DIR)/StreamFlix.app/$(BUNDLE_EXECUTABLE_FOLDER_PATH)/StreamFlix";
			};
			name = Debug;
		};
		FAA9588E2DBEB31E007F9E12 /* Release */ = {
			isa = XCBuildConfiguration;
			buildSettings = {
				BUNDLE_LOADER = "$(TEST_HOST)";
				CODE_SIGN_STYLE = Automatic;
				CURRENT_PROJECT_VERSION = 1;
				GENERATE_INFOPLIST_FILE = YES;
				IPHONEOS_DEPLOYMENT_TARGET = 18.4;
				MARKETING_VERSION = 1.0;
				PRODUCT_BUNDLE_IDENTIFIER = com.RamezHamdySaeed.StreamFlixTests;
				PRODUCT_NAME = "$(TARGET_NAME)";
				SWIFT_EMIT_LOC_STRINGS = NO;
				SWIFT_VERSION = 5.0;
				TARGETED_DEVICE_FAMILY = "1,2";
				TEST_HOST = "$(BUILT_PRODUCTS_DIR)/StreamFlix.app/$(BUNDLE_EXECUTABLE_FOLDER_PATH)/StreamFlix";
			};
			name = Release;
		};
		FAA958902DBEB31E007F9E12 /* Debug */ = {
			isa = XCBuildConfiguration;
			buildSettings = {
				CODE_SIGN_STYLE = Automatic;
				CURRENT_PROJECT_VERSION = 1;
				GENERATE_INFOPLIST_FILE = YES;
				MARKETING_VERSION = 1.0;
				PRODUCT_BUNDLE_IDENTIFIER = com.RamezHamdySaeed.StreamFlixUITests;
				PRODUCT_NAME = "$(TARGET_NAME)";
				SWIFT_EMIT_LOC_STRINGS = NO;
				SWIFT_VERSION = 5.0;
				TARGETED_DEVICE_FAMILY = "1,2";
				TEST_TARGET_NAME = StreamFlix;
			};
			name = Debug;
		};
		FAA958912DBEB31E007F9E12 /* Release */ = {
			isa = XCBuildConfiguration;
			buildSettings = {
				CODE_SIGN_STYLE = Automatic;
				CURRENT_PROJECT_VERSION = 1;
				GENERATE_INFOPLIST_FILE = YES;
				MARKETING_VERSION = 1.0;
				PRODUCT_BUNDLE_IDENTIFIER = com.RamezHamdySaeed.StreamFlixUITests;
				PRODUCT_NAME = "$(TARGET_NAME)";
				SWIFT_EMIT_LOC_STRINGS = NO;
				SWIFT_VERSION = 5.0;
				TARGETED_DEVICE_FAMILY = "1,2";
				TEST_TARGET_NAME = StreamFlix;
			};
			name = Release;
		};
/* End XCBuildConfiguration section */

/* Begin XCConfigurationList section */
		FAA958562DBEB31D007F9E12 /* Build configuration list for PBXProject "StreamFlix" */ = {
			isa = XCConfigurationList;
			buildConfigurations = (
				FAA9588A2DBEB31E007F9E12 /* Debug */,
				FAA9588B2DBEB31E007F9E12 /* Release */,
			);
			defaultConfigurationIsVisible = 0;
			defaultConfigurationName = Release;
		};
		FAA958872DBEB31E007F9E12 /* Build configuration list for PBXNativeTarget "StreamFlix" */ = {
			isa = XCConfigurationList;
			buildConfigurations = (
				FAA958882DBEB31E007F9E12 /* Debug */,
				FAA958892DBEB31E007F9E12 /* Release */,
			);
			defaultConfigurationIsVisible = 0;
			defaultConfigurationName = Release;
		};
		FAA9588C2DBEB31E007F9E12 /* Build configuration list for PBXNativeTarget "StreamFlixTests" */ = {
			isa = XCConfigurationList;
			buildConfigurations = (
				FAA9588D2DBEB31E007F9E12 /* Debug */,
				FAA9588E2DBEB31E007F9E12 /* Release */,
			);
			defaultConfigurationIsVisible = 0;
			defaultConfigurationName = Release;
		};
		FAA9588F2DBEB31E007F9E12 /* Build configuration list for PBXNativeTarget "StreamFlixUITests" */ = {
			isa = XCConfigurationList;
			buildConfigurations = (
				FAA958902DBEB31E007F9E12 /* Debug */,
				FAA958912DBEB31E007F9E12 /* Release */,
			);
			defaultConfigurationIsVisible = 0;
			defaultConfigurationName = Release;
		};
/* End XCConfigurationList section */

/* Begin XCRemoteSwiftPackageReference section */
		DC8B7B382DFEE206008FB1B4 /* XCRemoteSwiftPackageReference "SDWebImage" */ = {
			isa = XCRemoteSwiftPackageReference;
			repositoryURL = "https://github.com/SDWebImage/SDWebImage";
			requirement = {
				kind = upToNextMajorVersion;
				minimumVersion = 5.21.1;
			};
		};
		DC8B7B392DFEE263008FB1B4 /* XCRemoteSwiftPackageReference "netfox" */ = {
			isa = XCRemoteSwiftPackageReference;
			repositoryURL = "https://github.com/kasketis/netfox";
			requirement = {
				kind = upToNextMajorVersion;
				minimumVersion = 1.21.0;
			};
		};
/* End XCRemoteSwiftPackageReference section */

/* Begin XCSwiftPackageProductDependency section */
		DC8B7B3A2DFEE2B1008FB1B4 /* netfox */ = {
			isa = XCSwiftPackageProductDependency;
			package = DC8B7B392DFEE263008FB1B4 /* XCRemoteSwiftPackageReference "netfox" */;
			productName = netfox;
		};
		DCACA22C2DFFFE1500A9D166 /* SDWebImage */ = {
			isa = XCSwiftPackageProductDependency;
			package = DC8B7B382DFEE206008FB1B4 /* XCRemoteSwiftPackageReference "SDWebImage" */;
			productName = SDWebImage;
		};
/* End XCSwiftPackageProductDependency section */

/* Begin XCVersionGroup section */
		FAEE31CB2DF988F000E9381E /* StreamFlix.xcdatamodeld */ = {
			isa = XCVersionGroup;
			children = (
				FAEE31CE2DF988F000E9381E /* StreamFlix.xcdatamodel */,
			);
			currentVersion = FAEE31CE2DF988F000E9381E /* StreamFlix.xcdatamodel */;
			path = StreamFlix.xcdatamodeld;
			sourceTree = "<group>";
			versionGroupType = wrapper.xcdatamodel;
		};
/* End XCVersionGroup section */
	};
	rootObject = FAA958532DBEB31D007F9E12 /* Project object */;
}
