// !$*UTF8*$!
{
	archiveVersion = 1;
	classes = {
	};
	objectVersion = 77;
	objects = {

/* Begin PBXContainerItemProxy section */
		FAA958752DBEB31E007F9E12 /* PBXContainerItemProxy */ = {
			isa = PBXContainerItemProxy;
			containerPortal = FAA958532DBEB31D007F9E12 /* Project object */;
			proxyType = 1;
			remoteGlobalIDString = FAA9585A2DBEB31D007F9E12;
			remoteInfo = StreamFlix;
		};
		FAA9587F2DBEB31E007F9E12 /* PBXContainerItemProxy */ = {
			isa = PBXContainerItemProxy;
			containerPortal = FAA958532DBEB31D007F9E12 /* Project object */;
			proxyType = 1;
			remoteGlobalIDString = FAA9585A2DBEB31D007F9E12;
			remoteInfo = StreamFlix;
		};
/* End PBXContainerItemProxy section */

/* Begin PBXFileReference section */
		FAA9585B2DBEB31D007F9E12 /* StreamFlix.app */ = {isa = PBXFileReference; explicitFileType = wrapper.application; includeInIndex = 0; path = StreamFlix.app; sourceTree = BUILT_PRODUCTS_DIR; };
		FAA958742DBEB31E007F9E12 /* StreamFlixTests.xctest */ = {isa = PBXFileReference; explicitFileType = wrapper.cfbundle; includeInIndex = 0; path = StreamFlixTests.xctest; sourceTree = BUILT_PRODUCTS_DIR; };
		FAA9587E2DBEB31E007F9E12 /* StreamFlixUITests.xctest */ = {isa = PBXFileReference; explicitFileType = wrapper.cfbundle; includeInIndex = 0; path = StreamFlixUITests.xctest; sourceTree = BUILT_PRODUCTS_DIR; };
/* End PBXFileReference section */

/* Begin PBXFileSystemSynchronizedBuildFileExceptionSet section */
		FAA958862DBEB31E007F9E12 /* Exceptions for "StreamFlix" folder in "StreamFlix" target */ = {
			isa = PBXFileSystemSynchronizedBuildFileExceptionSet;
			membershipExceptions = (
				Info.plist,
			);
			target = FAA9585A2DBEB31D007F9E12 /* StreamFlix */;
		};
/* End PBXFileSystemSynchronizedBuildFileExceptionSet section */

/* Begin PBXFileSystemSynchronizedRootGroup section */
		FAA9585D2DBEB31D007F9E12 /* StreamFlix */ = {
			isa = PBXFileSystemSynchronizedRootGroup;
			exceptions = (
				FAA958862DBEB31E007F9E12 /* Exceptions for "StreamFlix" folder in "StreamFlix" target */,
			);
			path = StreamFlix;
			sourceTree = "<group>";
		};
		FAA958772DBEB31E007F9E12 /* StreamFlixTests */ = {
			isa = PBXFileSystemSynchronizedRootGroup;
			path = StreamFlixTests;
			sourceTree = "<group>";
		};
		FAA958812DBEB31E007F9E12 /* StreamFlixUITests */ = {
			isa = PBXFileSystemSynchronizedRootGroup;
			path = StreamFlixUITests;
			sourceTree = "<group>";
		};
/* End PBXFileSystemSynchronizedRootGroup section */

/* Begin PBXFrameworksBuildPhase section */
		FAA958582DBEB31D007F9E12 /* Frameworks */ = {
			isa = PBXFrameworksBuildPhase;
			buildActionMask = 2147483647;
			files = (
			);
			runOnlyForDeploymentPostprocessing = 0;
		};
		FAA958712DBEB31E007F9E12 /* Frameworks */ = {
			isa = PBXFrameworksBuildPhase;
			buildActionMask = 2147483647;
			files = (
			);
			runOnlyForDeploymentPostprocessing = 0;
		};
		FAA9587B2DBEB31E007F9E12 /* Frameworks */ = {
			isa = PBXFrameworksBuildPhase;
			buildActionMask = 2147483647;
			files = (
			);
			runOnlyForDeploymentPostprocessing = 0;
		};
/* End PBXFrameworksBuildPhase section */

/* Begin PBXGroup section */
		FAA958522DBEB31D007F9E12 = {
			isa = PBXGroup;
			children = (
				FAA9585D2DBEB31D007F9E12 /* StreamFlix */,
				FAA958772DBEB31E007F9E12 /* StreamFlixTests */,
				FAA958812DBEB31E007F9E12 /* StreamFlixUITests */,
				FAA9585C2DBEB31D007F9E12 /* Products */,
			);
			sourceTree = "<group>";
		};
		FAA9585C2DBEB31D007F9E12 /* Products */ = {
			isa = PBXGroup;
			children = (
				FAA9585B2DBEB31D007F9E12 /* StreamFlix.app */,
				FAA958742DBEB31E007F9E12 /* StreamFlixTests.xctest */,
				FAA9587E2DBEB31E007F9E12 /* StreamFlixUITests.xctest */,
			);
			name = Products;
			sourceTree = "<group>";
		};
/* End PBXGroup section */

/* Begin PBXNativeTarget section */
		FAA9585A2DBEB31D007F9E12 /* StreamFlix */ = {
			isa = PBXNativeTarget;
			buildConfigurationList = FAA958872DBEB31E007F9E12 /* Build configuration list for PBXNativeTarget "StreamFlix" */;
			buildPhases = (
				FAA958572DBEB31D007F9E12 /* Sources */,
				FAA958582DBEB31D007F9E12 /* Frameworks */,
				FAA958592DBEB31D007F9E12 /* Resources */,
			);
			buildRules = (
			);
			dependencies = (
			);
			fileSystemSynchronizedGroups = (
				FAA9585D2DBEB31D007F9E12 /* StreamFlix */,
			);
			name = StreamFlix;
			packageProductDependencies = (
			);
			productName = StreamFlix;
			productReference = FAA9585B2DBEB31D007F9E12 /* StreamFlix.app */;
			productType = "com.apple.product-type.application";
		};
		FAA958732DBEB31E007F9E12 /* StreamFlixTests */ = {
			isa = PBXNativeTarget;
			buildConfigurationList = FAA9588C2DBEB31E007F9E12 /* Build configuration list for PBXNativeTarget "StreamFlixTests" */;
			buildPhases = (
				FAA958702DBEB31E007F9E12 /* Sources */,
				FAA958712DBEB31E007F9E12 /* Frameworks */,
				FAA958722DBEB31E007F9E12 /* Resources */,
			);
			buildRules = (
			);
			dependencies = (
				FAA958762DBEB31E007F9E12 /* PBXTargetDependency */,
			);
			fileSystemSynchronizedGroups = (
				FAA958772DBEB31E007F9E12 /* StreamFlixTests */,
			);
			name = StreamFlixTests;
			packageProductDependencies = (
			);
			productName = StreamFlixTests;
			productReference = FAA958742DBEB31E007F9E12 /* StreamFlixTests.xctest */;
			productType = "com.apple.product-type.bundle.unit-test";
		};
		FAA9587D2DBEB31E007F9E12 /* StreamFlixUITests */ = {
			isa = PBXNativeTarget;
			buildConfigurationList = FAA9588F2DBEB31E007F9E12 /* Build configuration list for PBXNativeTarget "StreamFlixUITests" */;
			buildPhases = (
				FAA9587A2DBEB31E007F9E12 /* Sources */,
				FAA9587B2DBEB31E007F9E12 /* Frameworks */,
				FAA9587C2DBEB31E007F9E12 /* Resources */,
			);
			buildRules = (
			);
			dependencies = (
				FAA958802DBEB31E007F9E12 /* PBXTargetDependency */,
			);
			fileSystemSynchronizedGroups = (
				FAA958812DBEB31E007F9E12 /* StreamFlixUITests */,
			);
			name = StreamFlixUITests;
			packageProductDependencies = (
			);
			productName = StreamFlixUITests;
			productReference = FAA9587E2DBEB31E007F9E12 /* StreamFlixUITests.xctest */;
			productType = "com.apple.product-type.bundle.ui-testing";
		};
/* End PBXNativeTarget section */

/* Begin PBXProject section */
		FAA958532DBEB31D007F9E12 /* Project object */ = {
			isa = PBXProject;
			attributes = {
				BuildIndependentTargetsInParallel = 1;
				LastSwiftUpdateCheck = 1630;
				LastUpgradeCheck = 1630;
				TargetAttributes = {
					FAA9585A2DBEB31D007F9E12 = {
						CreatedOnToolsVersion = 16.3;
					};
					FAA958732DBEB31E007F9E12 = {
						CreatedOnToolsVersion = 16.3;
						TestTargetID = FAA9585A2DBEB31D007F9E12;
					};
					FAA9587D2DBEB31E007F9E12 = {
						CreatedOnToolsVersion = 16.3;
						TestTargetID = FAA9585A2DBEB31D007F9E12;
					};
				};
			};
			buildConfigurationList = FAA958562DBEB31D007F9E12 /* Build configuration list for PBXProject "StreamFlix" */;
			developmentRegion = en;
			hasScannedForEncodings = 0;
			knownRegions = (
				en,
				Base,
			);
			mainGroup = FAA958522DBEB31D007F9E12;
			minimizedProjectReferenceProxies = 1;
			preferredProjectObjectVersion = 77;
			productRefGroup = FAA9585C2DBEB31D007F9E12 /* Products */;
			projectDirPath = "";
			projectRoot = "";
			targets = (
				FAA9585A2DBEB31D007F9E12 /* StreamFlix */,
				FAA958732DBEB31E007F9E12 /* StreamFlixTests */,
				FAA9587D2DBEB31E007F9E12 /* StreamFlixUITests */,
			);
		};
/* End PBXProject section */

/* Begin PBXResourcesBuildPhase section */
		FAA958592DBEB31D007F9E12 /* Resources */ = {
			isa = PBXResourcesBuildPhase;
			buildActionMask = 2147483647;
			files = (
			);
			runOnlyForDeploymentPostprocessing = 0;
		};
		FAA958722DBEB31E007F9E12 /* Resources */ = {
			isa = PBXResourcesBuildPhase;
			buildActionMask = 2147483647;
			files = (
			);
			runOnlyForDeploymentPostprocessing = 0;
		};
		FAA9587C2DBEB31E007F9E12 /* Resources */ = {
			isa = PBXResourcesBuildPhase;
			buildActionMask = 2147483647;
			files = (
			);
			runOnlyForDeploymentPostprocessing = 0;
		};
/* End PBXResourcesBuildPhase section */

/* Begin PBXSourcesBuildPhase section */
		FAA958572DBEB31D007F9E12 /* Sources */ = {
			isa = PBXSourcesBuildPhase;
			buildActionMask = 2147483647;
			files = (
			);
			runOnlyForDeploymentPostprocessing = 0;
		};
		FAA958702DBEB31E007F9E12 /* Sources */ = {
			isa = PBXSourcesBuildPhase;
			buildActionMask = 2147483647;
			files = (
			);
			runOnlyForDeploymentPostprocessing = 0;
		};
		FAA9587A2DBEB31E007F9E12 /* Sources */ = {
			isa = PBXSourcesBuildPhase;
			buildActionMask = 2147483647;
			files = (
			);
			runOnlyForDeploymentPostprocessing = 0;
		};
/* End PBXSourcesBuildPhase section */

/* Begin PBXTargetDependency section */
		FAA958762DBEB31E007F9E12 /* PBXTargetDependency */ = {
			isa = PBXTargetDependency;
			target = FAA9585A2DBEB31D007F9E12 /* StreamFlix */;
			targetProxy = FAA958752DBEB31E007F9E12 /* PBXContainerItemProxy */;
		};
		FAA958802DBEB31E007F9E12 /* PBXTargetDependency */ = {
			isa = PBXTargetDependency;
			target = FAA9585A2DBEB31D007F9E12 /* StreamFlix */;
			targetProxy = FAA9587F2DBEB31E007F9E12 /* PBXContainerItemProxy */;
		};
/* End PBXTargetDependency section */

/* Begin XCBuildConfiguration section */
		FAA958882DBEB31E007F9E12 /* Debug */ = {
			isa = XCBuildConfiguration;
			buildSettings = {
				ASSETCATALOG_COMPILER_APPICON_NAME = AppIcon;
				ASSETCATALOG_COMPILER_GLOBAL_ACCENT_COLOR_NAME = AccentColor;
				CODE_SIGN_STYLE = Automatic;
				CURRENT_PROJECT_VERSION = 1;
				GENERATE_INFOPLIST_FILE = YES;
				INFOPLIST_FILE = StreamFlix/Info.plist;
				INFOPLIST_KEY_UIApplicationSupportsIndirectInputEvents = YES;
				INFOPLIST_KEY_UILaunchStoryboardName = LaunchScreen;
				INFOPLIST_KEY_UIMainStoryboardFile = Main;
				INFOPLIST_KEY_UISupportedInterfaceOrientations_iPad = "UIInterfaceOrientationPortrait UIInterfaceOrientationPortraitUpsideDown UIInterfaceOrientationLandscapeLeft UIInterfaceOrientationLandscapeRight";
				INFOPLIST_KEY_UISupportedInterfaceOrientations_iPhone = "UIInterfaceOrientationPortrait UIInterfaceOrientationLandscapeLeft UIInterfaceOrientationLandscapeRight";
				LD_RUNPATH_SEARCH_PATHS = (
					"$(inherited)",
					"@executable_path/Frameworks",
				);
				MARKETING_VERSION = 1.0;
				PRODUCT_BUNDLE_IDENTIFIER = com.RamezHamdySaeed.StreamFlix;
				PRODUCT_NAME = "$(TARGET_NAME)";
				SWIFT_EMIT_LOC_STRINGS = YES;
				SWIFT_VERSION = 5.0;
				TARGETED_DEVICE_FAMILY = "1,2";
			};
			name = Debug;
		};
		FAA958892DBEB31E007F9E12 /* Release */ = {
			isa = XCBuildConfiguration;
			buildSettings = {
				ASSETCATALOG_COMPILER_APPICON_NAME = AppIcon;
				ASSETCATALOG_COMPILER_GLOBAL_ACCENT_COLOR_NAME = AccentColor;
				CODE_SIGN_STYLE = Automatic;
				CURRENT_PROJECT_VERSION = 1;
				GENERATE_INFOPLIST_FILE = YES;
				INFOPLIST_FILE = StreamFlix/Info.plist;
				INFOPLIST_KEY_UIApplicationSupportsIndirectInputEvents = YES;
				INFOPLIST_KEY_UILaunchStoryboardName = LaunchScreen;
				INFOPLIST_KEY_UIMainStoryboardFile = Main;
				INFOPLIST_KEY_UISupportedInterfaceOrientations_iPad = "UIInterfaceOrientationPortrait UIInterfaceOrientationPortraitUpsideDown UIInterfaceOrientationLandscapeLeft UIInterfaceOrientationLandscapeRight";
				INFOPLIST_KEY_UISupportedInterfaceOrientations_iPhone = "UIInterfaceOrientationPortrait UIInterfaceOrientationLandscapeLeft UIInterfaceOrientationLandscapeRight";
				LD_RUNPATH_SEARCH_PATHS = (
					"$(inherited)",
					"@executable_path/Frameworks",
				);
				MARKETING_VERSION = 1.0;
				PRODUCT_BUNDLE_IDENTIFIER = com.RamezHamdySaeed.StreamFlix;
				PRODUCT_NAME = "$(TARGET_NAME)";
				SWIFT_EMIT_LOC_STRINGS = YES;
				SWIFT_VERSION = 5.0;
				TARGETED_DEVICE_FAMILY = "1,2";
			};
			name = Release;
		};
		FAA9588A2DBEB31E007F9E12 /* Debug */ = {
			isa = XCBuildConfiguration;
			buildSettings = {
				ALWAYS_SEARCH_USER_PATHS = NO;
				ASSETCATALOG_COMPILER_GENERATE_SWIFT_ASSET_SYMBOL_EXTENSIONS = YES;
				CLANG_ANALYZER_NONNULL = YES;
				CLANG_ANALYZER_NUMBER_OBJECT_CONVERSION = YES_AGGRESSIVE;
				CLANG_CXX_LANGUAGE_STANDARD = "gnu++20";
				CLANG_ENABLE_MODULES = YES;
				CLANG_ENABLE_OBJC_ARC = YES;
				CLANG_ENABLE_OBJC_WEAK = YES;
				CLANG_WARN_BLOCK_CAPTURE_AUTORELEASING = YES;
				CLANG_WARN_BOOL_CONVERSION = YES;
				CLANG_WARN_COMMA = YES;
				CLANG_WARN_CONSTANT_CONVERSION = YES;
				CLANG_WARN_DEPRECATED_OBJC_IMPLEMENTATIONS = YES;
				CLANG_WARN_DIRECT_OBJC_ISA_USAGE = YES_ERROR;
				CLANG_WARN_DOCUMENTATION_COMMENTS = YES;
				CLANG_WARN_EMPTY_BODY = YES;
				CLANG_WARN_ENUM_CONVERSION = YES;
				CLANG_WARN_INFINITE_RECURSION = YES;
				CLANG_WARN_INT_CONVERSION = YES;
				CLANG_WARN_NON_LITERAL_NULL_CONVERSION = YES;
				CLANG_WARN_OBJC_IMPLICIT_RETAIN_SELF = YES;
				CLANG_WARN_OBJC_LITERAL_CONVERSION = YES;
				CLANG_WARN_OBJC_ROOT_CLASS = YES_ERROR;
				CLANG_WARN_QUOTED_INCLUDE_IN_FRAMEWORK_HEADER = YES;
				CLANG_WARN_RANGE_LOOP_ANALYSIS = YES;
				CLANG_WARN_STRICT_PROTOTYPES = YES;
				CLANG_WARN_SUSPICIOUS_MOVE = YES;
				CLANG_WARN_UNGUARDED_AVAILABILITY = YES_AGGRESSIVE;
				CLANG_WARN_UNREACHABLE_CODE = YES;
				CLANG_WARN__DUPLICATE_METHOD_MATCH = YES;
				COPY_PHASE_STRIP = NO;
				DEBUG_INFORMATION_FORMAT = dwarf;
				ENABLE_STRICT_OBJC_MSGSEND = YES;
				ENABLE_TESTABILITY = YES;
				ENABLE_USER_SCRIPT_SANDBOXING = YES;
				GCC_C_LANGUAGE_STANDARD = gnu17;
				GCC_DYNAMIC_NO_PIC = NO;
				GCC_NO_COMMON_BLOCKS = YES;
				GCC_OPTIMIZATION_LEVEL = 0;
				GCC_PREPROCESSOR_DEFINITIONS = (
					"DEBUG=1",
					"$(inherited)",
				);
				GCC_WARN_64_TO_32_BIT_CONVERSION = YES;
				GCC_WARN_ABOUT_RETURN_TYPE = YES_ERROR;
				GCC_WARN_UNDECLARED_SELECTOR = YES;
				GCC_WARN_UNINITIALIZED_AUTOS = YES_AGGRESSIVE;
				GCC_WARN_UNUSED_FUNCTION = YES;
				GCC_WARN_UNUSED_VARIABLE = YES;
				IPHONEOS_DEPLOYMENT_TARGET = 18.4;
				LOCALIZATION_PREFERS_STRING_CATALOGS = YES;
				MTL_ENABLE_DEBUG_INFO = INCLUDE_SOURCE;
				MTL_FAST_MATH = YES;
				ONLY_ACTIVE_ARCH = YES;
				SDKROOT = iphoneos;
				SWIFT_ACTIVE_COMPILATION_CONDITIONS = "DEBUG $(inherited)";
				SWIFT_OPTIMIZATION_LEVEL = "-Onone";
			};
			name = Debug;
		};
		FAA9588B2DBEB31E007F9E12 /* Release */ = {
			isa = XCBuildConfiguration;
			buildSettings = {
				ALWAYS_SEARCH_USER_PATHS = NO;
				ASSETCATALOG_COMPILER_GENERATE_SWIFT_ASSET_SYMBOL_EXTENSIONS = YES;
				CLANG_ANALYZER_NONNULL = YES;
				CLANG_ANALYZER_NUMBER_OBJECT_CONVERSION = YES_AGGRESSIVE;
				CLANG_CXX_LANGUAGE_STANDARD = "gnu++20";
				CLANG_ENABLE_MODULES = YES;
				CLANG_ENABLE_OBJC_ARC = YES;
				CLANG_ENABLE_OBJC_WEAK = YES;
				CLANG_WARN_BLOCK_CAPTURE_AUTORELEASING = YES;
				CLANG_WARN_BOOL_CONVERSION = YES;
				CLANG_WARN_COMMA = YES;
				CLANG_WARN_CONSTANT_CONVERSION = YES;
				CLANG_WARN_DEPRECATED_OBJC_IMPLEMENTATIONS = YES;
				CLANG_WARN_DIRECT_OBJC_ISA_USAGE = YES_ERROR;
				CLANG_WARN_DOCUMENTATION_COMMENTS = YES;
				CLANG_WARN_EMPTY_BODY = YES;
				CLANG_WARN_ENUM_CONVERSION = YES;
				CLANG_WARN_INFINITE_RECURSION = YES;
				CLANG_WARN_INT_CONVERSION = YES;
				CLANG_WARN_NON_LITERAL_NULL_CONVERSION = YES;
				CLANG_WARN_OBJC_IMPLICIT_RETAIN_SELF = YES;
				CLANG_WARN_OBJC_LITERAL_CONVERSION = YES;
				CLANG_WARN_OBJC_ROOT_CLASS = YES_ERROR;
				CLANG_WARN_QUOTED_INCLUDE_IN_FRAMEWORK_HEADER = YES;
				CLANG_WARN_RANGE_LOOP_ANALYSIS = YES;
				CLANG_WARN_STRICT_PROTOTYPES = YES;
				CLANG_WARN_SUSPICIOUS_MOVE = YES;
				CLANG_WARN_UNGUARDED_AVAILABILITY = YES_AGGRESSIVE;
				CLANG_WARN_UNREACHABLE_CODE = YES;
				CLANG_WARN__DUPLICATE_METHOD_MATCH = YES;
				COPY_PHASE_STRIP = NO;
				DEBUG_INFORMATION_FORMAT = "dwarf-with-dsym";
				ENABLE_NS_ASSERTIONS = NO;
				ENABLE_STRICT_OBJC_MSGSEND = YES;
				ENABLE_USER_SCRIPT_SANDBOXING = YES;
				GCC_C_LANGUAGE_STANDARD = gnu17;
				GCC_NO_COMMON_BLOCKS = YES;
				GCC_WARN_64_TO_32_BIT_CONVERSION = YES;
				GCC_WARN_ABOUT_RETURN_TYPE = YES_ERROR;
				GCC_WARN_UNDECLARED_SELECTOR = YES;
				GCC_WARN_UNINITIALIZED_AUTOS = YES_AGGRESSIVE;
				GCC_WARN_UNUSED_FUNCTION = YES;
				GCC_WARN_UNUSED_VARIABLE = YES;
				IPHONEOS_DEPLOYMENT_TARGET = 18.4;
				LOCALIZATION_PREFERS_STRING_CATALOGS = YES;
				MTL_ENABLE_DEBUG_INFO = NO;
				MTL_FAST_MATH = YES;
				SDKROOT = iphoneos;
				SWIFT_COMPILATION_MODE = wholemodule;
				VALIDATE_PRODUCT = YES;
			};
			name = Release;
		};
		FAA9588D2DBEB31E007F9E12 /* Debug */ = {
			isa = XCBuildConfiguration;
			buildSettings = {
				BUNDLE_LOADER = "$(TEST_HOST)";
				CODE_SIGN_STYLE = Automatic;
				CURRENT_PROJECT_VERSION = 1;
				GENERATE_INFOPLIST_FILE = YES;
				IPHONEOS_DEPLOYMENT_TARGET = 18.4;
				MARKETING_VERSION = 1.0;
				PRODUCT_BUNDLE_IDENTIFIER = com.RamezHamdySaeed.StreamFlixTests;
				PRODUCT_NAME = "$(TARGET_NAME)";
				SWIFT_EMIT_LOC_STRINGS = NO;
				SWIFT_VERSION = 5.0;
				TARGETED_DEVICE_FAMILY = "1,2";
				TEST_HOST = "$(BUILT_PRODUCTS_DIR)/StreamFlix.app/$(BUNDLE_EXECUTABLE_FOLDER_PATH)/StreamFlix";
			};
			name = Debug;
		};
		FAA9588E2DBEB31E007F9E12 /* Release */ = {
			isa = XCBuildConfiguration;
			buildSettings = {
				BUNDLE_LOADER = "$(TEST_HOST)";
				CODE_SIGN_STYLE = Automatic;
				CURRENT_PROJECT_VERSION = 1;
				GENERATE_INFOPLIST_FILE = YES;
				IPHONEOS_DEPLOYMENT_TARGET = 18.4;
				MARKETING_VERSION = 1.0;
				PRODUCT_BUNDLE_IDENTIFIER = com.RamezHamdySaeed.StreamFlixTests;
				PRODUCT_NAME = "$(TARGET_NAME)";
				SWIFT_EMIT_LOC_STRINGS = NO;
				SWIFT_VERSION = 5.0;
				TARGETED_DEVICE_FAMILY = "1,2";
				TEST_HOST = "$(BUILT_PRODUCTS_DIR)/StreamFlix.app/$(BUNDLE_EXECUTABLE_FOLDER_PATH)/StreamFlix";
			};
			name = Release;
		};
		FAA958902DBEB31E007F9E12 /* Debug */ = {
			isa = XCBuildConfiguration;
			buildSettings = {
				CODE_SIGN_STYLE = Automatic;
				CURRENT_PROJECT_VERSION = 1;
				GENERATE_INFOPLIST_FILE = YES;
				MARKETING_VERSION = 1.0;
				PRODUCT_BUNDLE_IDENTIFIER = com.RamezHamdySaeed.StreamFlixUITests;
				PRODUCT_NAME = "$(TARGET_NAME)";
				SWIFT_EMIT_LOC_STRINGS = NO;
				SWIFT_VERSION = 5.0;
				TARGETED_DEVICE_FAMILY = "1,2";
				TEST_TARGET_NAME = StreamFlix;
			};
			name = Debug;
		};
		FAA958912DBEB31E007F9E12 /* Release */ = {
			isa = XCBuildConfiguration;
			buildSettings = {
				CODE_SIGN_STYLE = Automatic;
				CURRENT_PROJECT_VERSION = 1;
				GENERATE_INFOPLIST_FILE = YES;
				MARKETING_VERSION = 1.0;
				PRODUCT_BUNDLE_IDENTIFIER = com.RamezHamdySaeed.StreamFlixUITests;
				PRODUCT_NAME = "$(TARGET_NAME)";
				SWIFT_EMIT_LOC_STRINGS = NO;
				SWIFT_VERSION = 5.0;
				TARGETED_DEVICE_FAMILY = "1,2";
				TEST_TARGET_NAME = StreamFlix;
			};
			name = Release;
		};
/* End XCBuildConfiguration section */

/* Begin XCConfigurationList section */
		FAA958562DBEB31D007F9E12 /* Build configuration list for PBXProject "StreamFlix" */ = {
			isa = XCConfigurationList;
			buildConfigurations = (
				FAA9588A2DBEB31E007F9E12 /* Debug */,
				FAA9588B2DBEB31E007F9E12 /* Release */,
			);
			defaultConfigurationIsVisible = 0;
			defaultConfigurationName = Release;
		};
		FAA958872DBEB31E007F9E12 /* Build configuration list for PBXNativeTarget "StreamFlix" */ = {
			isa = XCConfigurationList;
			buildConfigurations = (
				FAA958882DBEB31E007F9E12 /* Debug */,
				FAA958892DBEB31E007F9E12 /* Release */,
			);
			defaultConfigurationIsVisible = 0;
			defaultConfigurationName = Release;
		};
		FAA9588C2DBEB31E007F9E12 /* Build configuration list for PBXNativeTarget "StreamFlixTests" */ = {
			isa = XCConfigurationList;
			buildConfigurations = (
				FAA9588D2DBEB31E007F9E12 /* Debug */,
				FAA9588E2DBEB31E007F9E12 /* Release */,
			);
			defaultConfigurationIsVisible = 0;
			defaultConfigurationName = Release;
		};
		FAA9588F2DBEB31E007F9E12 /* Build configuration list for PBXNativeTarget "StreamFlixUITests" */ = {
			isa = XCConfigurationList;
			buildConfigurations = (
				FAA958902DBEB31E007F9E12 /* Debug */,
				FAA958912DBEB31E007F9E12 /* Release */,
			);
			defaultConfigurationIsVisible = 0;
			defaultConfigurationName = Release;
		};
/* End XCConfigurationList section */
	};
	rootObject = FAA958532DBEB31D007F9E12 /* Project object */;
}
